lockVersion: 2.0.0
id: be24d704-8f3f-473d-a27e-09c22d62596b
management:
  docChecksum: dddf8c8d98def8ed37e4a7fb38ad76f9
  docVersion: 1.0.0
  speakeasyVersion: internal
  generationVersion: 2.237.3
  releaseVersion: 2.0.0
  configChecksum: 5961fb7d2945336121c15adb8478562a
  repoURL: https://github.com/epilot-dev/sdk-python.git
  repoSubDirectory: entity
  installationURL: https://github.com/epilot-dev/sdk-python.git#subdirectory=entity
features:
  python:
    additionalProperties: 0.1.0
    constsAndDefaults: 0.1.2
    core: 4.4.2
    deprecations: 2.81.1
    flattening: 2.81.1
    globalSecurity: 2.83.2
    globalServerURLs: 2.82.1
    unions: 2.82.5
generatedFiles:
  - src/epilot/sdkconfiguration.py
  - src/epilot/activity.py
  - src/epilot/taxonomy.py
  - src/epilot/schemas.py
  - src/epilot/saved_views.py
  - src/epilot/entities.py
  - src/epilot/relations.py
  - src/epilot/export.py
  - src/epilot/entity_import.py
  - src/epilot/sdk.py
  - pylintrc
  - setup.py
  - src/epilot/__init__.py
  - src/epilot/utils/__init__.py
  - src/epilot/utils/retries.py
  - src/epilot/utils/utils.py
  - src/epilot/models/errors/sdkerror.py
  - tests/helpers.py
  - src/epilot/models/operations/attachactivity.py
  - src/epilot/models/operations/createactivity.py
  - src/epilot/models/operations/getactivity.py
  - src/epilot/models/operations/getentityactivityfeed.py
  - src/epilot/models/operations/gettaxonomy.py
  - src/epilot/models/operations/listtaxonomies.py
  - src/epilot/models/operations/taxonomiesclassificationssearch.py
  - src/epilot/models/operations/taxonomyautocomplete.py
  - src/epilot/models/operations/updateclassificationsfortaxonomy.py
  - src/epilot/models/operations/deleteschema.py
  - src/epilot/models/operations/getschema.py
  - src/epilot/models/operations/getschemaversions.py
  - src/epilot/models/operations/listschemablueprints.py
  - src/epilot/models/operations/listschemas.py
  - src/epilot/models/operations/listtaxonomyclassificationsforschema.py
  - src/epilot/models/operations/putschema.py
  - src/epilot/models/operations/createsavedview.py
  - src/epilot/models/operations/deletesavedview.py
  - src/epilot/models/operations/getsavedview.py
  - src/epilot/models/operations/listfavoriteviewsforuser.py
  - src/epilot/models/operations/listsavedviews.py
  - src/epilot/models/operations/updatesavedview.py
  - src/epilot/models/operations/autocomplete.py
  - src/epilot/models/operations/createentity.py
  - src/epilot/models/operations/deleteentity.py
  - src/epilot/models/operations/getentity.py
  - src/epilot/models/operations/getentityv2.py
  - src/epilot/models/operations/patchentity.py
  - src/epilot/models/operations/searchentities.py
  - src/epilot/models/operations/updateentity.py
  - src/epilot/models/operations/upsertentity.py
  - src/epilot/models/operations/validateentity.py
  - src/epilot/models/operations/addrelations.py
  - src/epilot/models/operations/deleterelation.py
  - src/epilot/models/operations/getrelatedentitiescount.py
  - src/epilot/models/operations/getrelations.py
  - src/epilot/models/operations/getrelationsv2.py
  - src/epilot/models/operations/getrelationsv3.py
  - src/epilot/models/operations/updaterelation.py
  - src/epilot/models/operations/exportentities.py
  - src/epilot/models/operations/importentities.py
  - src/epilot/models/components/activityitem.py
  - src/epilot/models/components/entityoperation.py
  - src/epilot/models/components/entityowner.py
  - src/epilot/models/components/entityacl.py
  - src/epilot/models/components/entity.py
  - src/epilot/models/components/activitycallercontext.py
  - src/epilot/models/components/activity.py
  - src/epilot/models/components/taxonomy.py
  - src/epilot/models/components/taxonomyclassification.py
  - src/epilot/models/components/classificationsupdate.py
  - src/epilot/models/components/entityschemaitem.py
  - src/epilot/models/components/entitydefaulttable.py
  - src/epilot/models/components/entityaction.py
  - src/epilot/models/components/redirectentityview.py
  - src/epilot/models/components/entityviewdisabled.py
  - src/epilot/models/components/entitydefaultedit.py
  - src/epilot/models/components/summaryattribute.py
  - src/epilot/models/components/entitydefaultcreate.py
  - src/epilot/models/components/searchmappings.py
  - src/epilot/models/components/entitycapability.py
  - src/epilot/models/components/textattribute.py
  - src/epilot/models/components/linkattribute.py
  - src/epilot/models/components/dateattribute.py
  - src/epilot/models/components/countryattribute.py
  - src/epilot/models/components/booleanattribute.py
  - src/epilot/models/components/selectattribute.py
  - src/epilot/models/components/multiselectattribute.py
  - src/epilot/models/components/statusattribute.py
  - src/epilot/models/components/sequenceattribute.py
  - src/epilot/models/components/relationattribute.py
  - src/epilot/models/components/summaryfield.py
  - src/epilot/models/components/userrelationattribute.py
  - src/epilot/models/components/addressrelationattribute.py
  - src/epilot/models/components/paymentmethodrelationattribute.py
  - src/epilot/models/components/currencyattribute.py
  - src/epilot/models/components/repeatableattribute.py
  - src/epilot/models/components/tagsattribute.py
  - src/epilot/models/components/numberattribute.py
  - src/epilot/models/components/consentattribute.py
  - src/epilot/models/components/internalattribute.py
  - src/epilot/models/components/orderedlistattribute.py
  - src/epilot/models/components/fileattribute.py
  - src/epilot/models/components/computedattribute.py
  - src/epilot/models/components/partnerstatusattribute.py
  - src/epilot/models/components/invitationemailattribute.py
  - src/epilot/models/components/automationattribute.py
  - src/epilot/models/components/internaluserattribute.py
  - src/epilot/models/components/purposeattribute.py
  - src/epilot/models/components/partnerorganisationattribute.py
  - src/epilot/models/components/entityschema.py
  - src/epilot/models/components/savedviewitem.py
  - src/epilot/models/components/savedview.py
  - src/epilot/models/components/entityitem.py
  - src/epilot/models/components/entitysearchresults.py
  - src/epilot/models/components/entitysearchparams.py
  - src/epilot/models/components/entityvalidationresultsuccess.py
  - src/epilot/models/components/entityvalidationerror.py
  - src/epilot/models/components/relationitem.py
  - src/epilot/models/components/getrelatedentitiescount.py
  - src/epilot/models/components/relationentity.py
  - src/epilot/models/components/getrelationsrespwithpagination.py
  - src/epilot/models/components/entityrelationsmodequeryparam.py
  - src/epilot/models/components/entityimportparams.py
  - src/epilot/models/components/security.py
  - src/epilot/models/errors/entityvalidationresulterror.py
  - src/epilot/models/__init__.py
  - src/epilot/models/errors/__init__.py
  - src/epilot/models/operations/__init__.py
  - src/epilot/models/components/__init__.py
  - docs/models/operations/attachactivityrequest.md
  - docs/models/operations/attachactivityresponse.md
  - docs/models/operations/createactivityrequest.md
  - docs/models/operations/createactivityresponse.md
  - docs/models/operations/getactivityrequest.md
  - docs/models/operations/getactivityresponse.md
  - docs/models/operations/getentityactivityfeedrequest.md
  - docs/models/operations/getentityactivityfeedresponsebody.md
  - docs/models/operations/getentityactivityfeedresponse.md
  - docs/models/operations/gettaxonomyrequest.md
  - docs/models/operations/gettaxonomyresponse.md
  - docs/models/operations/listtaxonomiesresponsebody.md
  - docs/models/operations/listtaxonomiesresponse.md
  - docs/models/operations/taxonomiesclassificationssearchrequestbody.md
  - docs/models/operations/taxonomiesclassificationssearchrequest.md
  - docs/models/operations/taxonomiesclassificationssearchresponsebody.md
  - docs/models/operations/taxonomiesclassificationssearchresponse.md
  - docs/models/operations/taxonomyautocompleterequest.md
  - docs/models/operations/taxonomyautocompleteresponsebody.md
  - docs/models/operations/taxonomyautocompleteresponse.md
  - docs/models/operations/updateclassificationsfortaxonomyrequest.md
  - docs/models/operations/deleted.md
  - docs/models/operations/updateclassificationsfortaxonomyresponsebody.md
  - docs/models/operations/updateclassificationsfortaxonomyresponse.md
  - docs/models/operations/deleteschemarequest.md
  - docs/models/operations/deleteschemaresponse.md
  - docs/models/operations/getschemarequest.md
  - docs/models/operations/getschemaresponse.md
  - docs/models/operations/getschemaversionsrequest.md
  - docs/models/operations/getschemaversionsresponsebody.md
  - docs/models/operations/getschemaversionsresponse.md
  - docs/models/operations/listschemablueprintsresponsebody.md
  - docs/models/operations/listschemablueprintsresponse.md
  - docs/models/operations/listschemasrequest.md
  - docs/models/operations/listschemasresponsebody.md
  - docs/models/operations/listschemasresponse.md
  - docs/models/operations/listtaxonomyclassificationsforschemarequest.md
  - docs/models/operations/listtaxonomyclassificationsforschemaresponsebody.md
  - docs/models/operations/listtaxonomyclassificationsforschemaresponse.md
  - docs/models/operations/putschemarequest.md
  - docs/models/operations/putschemaresponse.md
  - docs/models/operations/createsavedviewresponse.md
  - docs/models/operations/deletesavedviewrequest.md
  - docs/models/operations/deletesavedviewresponse.md
  - docs/models/operations/getsavedviewrequest.md
  - docs/models/operations/getsavedviewresponsebody.md
  - docs/models/operations/getsavedviewresponse.md
  - docs/models/operations/listfavoriteviewsforuserresponsebody.md
  - docs/models/operations/listfavoriteviewsforuserresponse.md
  - docs/models/operations/listsavedviewsrequest.md
  - docs/models/operations/listsavedviewsresponsebody.md
  - docs/models/operations/listsavedviewsresponse.md
  - docs/models/operations/updatesavedviewrequest.md
  - docs/models/operations/updatesavedviewresponse.md
  - docs/models/operations/autocompleterequest.md
  - docs/models/operations/results.md
  - docs/models/operations/autocompleteresponsebody.md
  - docs/models/operations/autocompleteresponse.md
  - docs/models/operations/createentityrequest.md
  - docs/models/operations/createentityresponse.md
  - docs/models/operations/deleteentityrequest.md
  - docs/models/operations/deleteentityresponse.md
  - docs/models/operations/getentityrequest.md
  - docs/models/operations/getentityresponsebody.md
  - docs/models/operations/getentityresponse.md
  - docs/models/operations/getentityv2request.md
  - docs/models/operations/getentityv2response.md
  - docs/models/operations/patchentityrequest.md
  - docs/models/operations/patchentityresponse.md
  - docs/models/operations/searchentitiesresponse.md
  - docs/models/operations/updateentityrequest.md
  - docs/models/operations/updateentityresponse.md
  - docs/models/operations/upsertentityrequestbody.md
  - docs/models/operations/upsertentityrequest.md
  - docs/models/operations/upsertentityresponse.md
  - docs/models/operations/validateentityrequest.md
  - docs/models/operations/validateentityresponse.md
  - docs/models/operations/addrelationsrequest.md
  - docs/models/operations/addrelationsresponse.md
  - docs/models/operations/deleterelationrequest.md
  - docs/models/operations/deleterelationresponse.md
  - docs/models/operations/getrelatedentitiescountrequest.md
  - docs/models/operations/getrelatedentitiescountresponse.md
  - docs/models/operations/getrelationsrequest.md
  - docs/models/operations/getrelationsresponse.md
  - docs/models/operations/getrelationsv2request.md
  - docs/models/operations/getrelationsv2response.md
  - docs/models/operations/getrelationsv3request.md
  - docs/models/operations/getrelationsv3response.md
  - docs/models/operations/updaterelationrequestbody.md
  - docs/models/operations/updaterelationrequest.md
  - docs/models/operations/updaterelationresponse.md
  - docs/models/operations/exportentitiesrequest.md
  - docs/models/operations/exportentitiesresponse.md
  - docs/models/operations/importentitiesrequest.md
  - docs/models/operations/importentitiesresponse.md
  - docs/models/components/activityitem.md
  - docs/models/components/diff.md
  - docs/models/components/operation.md
  - docs/models/components/params.md
  - docs/models/components/payload.md
  - docs/models/components/entityoperation.md
  - docs/models/components/entityowner.md
  - docs/models/components/entityacl.md
  - docs/models/components/entity.md
  - docs/models/components/token.md
  - docs/models/components/epilotauth.md
  - docs/models/components/activitycallercontext.md
  - docs/models/components/activity.md
  - docs/models/components/taxonomy.md
  - docs/models/components/taxonomyclassification.md
  - docs/models/components/classificationsupdate.md
  - docs/models/components/entityschemaiteminfotooltiptitle.md
  - docs/models/components/entityschemaitemgroupsettings.md
  - docs/models/components/entityschemaitemlayoutsettings.md
  - docs/models/components/source.md
  - docs/models/components/entityschemaitemcreateview.md
  - docs/models/components/entityschemaitemeditview.md
  - docs/models/components/entityschemaitemsummaryattributes.md
  - docs/models/components/entityschemaitemlistitem.md
  - docs/models/components/entityschemaitemsharing.md
  - docs/models/components/entityschemaitemsingleview.md
  - docs/models/components/entityschemaitemtableview.md
  - docs/models/components/entityschemaitemuiconfig.md
  - docs/models/components/entityschemaitem.md
  - docs/models/components/entitydefaulttableschemastype.md
  - docs/models/components/two.md
  - docs/models/components/entitydefaulttabletype.md
  - docs/models/components/entitydefaulttable1.md
  - docs/models/components/dropdownitems.md
  - docs/models/components/entitydefaulttableparams.md
  - docs/models/components/entitydefaulttableoptions.md
  - docs/models/components/navbaractions.md
  - docs/models/components/rowactions.md
  - docs/models/components/entitydefaulttableviewtype.md
  - docs/models/components/entitydefaulttable.md
  - docs/models/components/entityaction.md
  - docs/models/components/redirectentityviewviewtype.md
  - docs/models/components/redirectentityview.md
  - docs/models/components/entityviewdisabledviewtype.md
  - docs/models/components/entityviewdisabled.md
  - docs/models/components/entitydefaulteditviewtype.md
  - docs/models/components/entitydefaultedit.md
  - docs/models/components/summaryattribute.md
  - docs/models/components/viewtype.md
  - docs/models/components/entitydefaultcreate.md
  - docs/models/components/searchmappingstype.md
  - docs/models/components/searchmappings.md
  - docs/models/components/requiredpermission.md
  - docs/models/components/uihooks.md
  - docs/models/components/entitycapability.md
  - docs/models/components/attribute.md
  - docs/models/components/textattributeconstraints.md
  - docs/models/components/textattributeinfohelpers.md
  - docs/models/components/textattributetype.md
  - docs/models/components/textattribute.md
  - docs/models/components/linkattributeconstraints.md
  - docs/models/components/linkattributeinfohelpers.md
  - docs/models/components/linkattributetype.md
  - docs/models/components/linkattribute.md
  - docs/models/components/dateattributeconstraints.md
  - docs/models/components/dateattributeinfohelpers.md
  - docs/models/components/dateattributetype.md
  - docs/models/components/dateattribute.md
  - docs/models/components/countryattributeconstraints.md
  - docs/models/components/countryattributeinfohelpers.md
  - docs/models/components/countryattributetype.md
  - docs/models/components/countryattribute.md
  - docs/models/components/booleanattributeconstraints.md
  - docs/models/components/booleanattributeinfohelpers.md
  - docs/models/components/booleanattributetype.md
  - docs/models/components/booleanattribute.md
  - docs/models/components/selectattributeconstraints.md
  - docs/models/components/selectattributeinfohelpers.md
  - docs/models/components/selectattribute1.md
  - docs/models/components/selectattributeoptions.md
  - docs/models/components/selectattributetype.md
  - docs/models/components/selectattribute.md
  - docs/models/components/multiselectattributeconstraints.md
  - docs/models/components/multiselectattributeinfohelpers.md
  - docs/models/components/multiselectattribute2.md
  - docs/models/components/options.md
  - docs/models/components/multiselectattributetype.md
  - docs/models/components/multiselectattribute.md
  - docs/models/components/statusattributeconstraints.md
  - docs/models/components/statusattributeinfohelpers.md
  - docs/models/components/statusattribute2.md
  - docs/models/components/statusattributeoptions.md
  - docs/models/components/statusattributetype.md
  - docs/models/components/statusattribute.md
  - docs/models/components/sequenceattributeconstraints.md
  - docs/models/components/sequenceattributeinfohelpers.md
  - docs/models/components/sequenceattributetype.md
  - docs/models/components/sequenceattribute.md
  - docs/models/components/actiontype.md
  - docs/models/components/newentityitem.md
  - docs/models/components/actions.md
  - docs/models/components/relationattributeconstraints.md
  - docs/models/components/drawersize.md
  - docs/models/components/editmode.md
  - docs/models/components/relationattributeinfohelpers.md
  - docs/models/components/relationaffinitymode.md
  - docs/models/components/relationtype.md
  - docs/models/components/summaryfields.md
  - docs/models/components/relationattributetype.md
  - docs/models/components/relationattribute.md
  - docs/models/components/summaryfield.md
  - docs/models/components/userrelationattributeconstraints.md
  - docs/models/components/userrelationattributeinfohelpers.md
  - docs/models/components/userrelationattributetype.md
  - docs/models/components/userrelationattribute.md
  - docs/models/components/constraints.md
  - docs/models/components/infohelpers.md
  - docs/models/components/type.md
  - docs/models/components/addressrelationattribute.md
  - docs/models/components/paymentmethodrelationattributeconstraints.md
  - docs/models/components/paymentmethodrelationattributeinfohelpers.md
  - docs/models/components/paymentmethodrelationattributetype.md
  - docs/models/components/paymentmethodrelationattribute.md
  - docs/models/components/currencyattributeconstraints.md
  - docs/models/components/one.md
  - docs/models/components/currency.md
  - docs/models/components/currencyattributeinfohelpers.md
  - docs/models/components/currencyattributetype.md
  - docs/models/components/currencyattribute.md
  - docs/models/components/repeatableattributeconstraints.md
  - docs/models/components/repeatableattributeinfohelpers.md
  - docs/models/components/repeatableattributerelationaffinitymode.md
  - docs/models/components/repeatableattributetype.md
  - docs/models/components/repeatableattribute.md
  - docs/models/components/tagsattributeconstraints.md
  - docs/models/components/tagsattributeinfohelpers.md
  - docs/models/components/tagsattributetype.md
  - docs/models/components/tagsattribute.md
  - docs/models/components/numberattributeconstraints.md
  - docs/models/components/numberattributeinfohelpers.md
  - docs/models/components/numberattributetype.md
  - docs/models/components/numberattribute.md
  - docs/models/components/consentattributeconstraints.md
  - docs/models/components/consentattributeinfohelpers.md
  - docs/models/components/consentattributetype.md
  - docs/models/components/consentattribute.md
  - docs/models/components/internalattributeconstraints.md
  - docs/models/components/internalattributeinfohelpers.md
  - docs/models/components/internalattributetype.md
  - docs/models/components/internalattribute.md
  - docs/models/components/orderedlistattributeconstraints.md
  - docs/models/components/orderedlistattributeinfohelpers.md
  - docs/models/components/orderedlistattributetype.md
  - docs/models/components/orderedlistattribute.md
  - docs/models/components/fileattributeconstraints.md
  - docs/models/components/defaultaccesscontrol.md
  - docs/models/components/fileattributeinfohelpers.md
  - docs/models/components/fileattributetype.md
  - docs/models/components/fileattribute.md
  - docs/models/components/computedattributeconstraints.md
  - docs/models/components/computedattributeinfohelpers.md
  - docs/models/components/computedattributetype.md
  - docs/models/components/computedattribute.md
  - docs/models/components/partnerstatusattributeconstraints.md
  - docs/models/components/partnerstatusattributeinfohelpers.md
  - docs/models/components/partnerstatusattributetype.md
  - docs/models/components/partnerstatusattribute.md
  - docs/models/components/invitationemailattributeconstraints.md
  - docs/models/components/invitationemailattributeinfohelpers.md
  - docs/models/components/invitationemailattributetype.md
  - docs/models/components/invitationemailattribute.md
  - docs/models/components/automationattributeconstraints.md
  - docs/models/components/automationattributeinfohelpers.md
  - docs/models/components/automationattributetype.md
  - docs/models/components/automationattribute.md
  - docs/models/components/internaluserattributeconstraints.md
  - docs/models/components/internaluserattributeinfohelpers.md
  - docs/models/components/internaluserattributetype.md
  - docs/models/components/internaluserattribute.md
  - docs/models/components/purposeattributeconstraints.md
  - docs/models/components/purposeattributeinfohelpers.md
  - docs/models/components/purposeattributetype.md
  - docs/models/components/purposeattribute.md
  - docs/models/components/partnerorganisationattributeconstraints.md
  - docs/models/components/partnerorganisationattributeinfohelpers.md
  - docs/models/components/partnerorganisationattributetype.md
  - docs/models/components/partnerorganisationattribute.md
  - docs/models/components/infotooltiptitle.md
  - docs/models/components/groupsettings.md
  - docs/models/components/layoutsettings.md
  - docs/models/components/createview.md
  - docs/models/components/editview.md
  - docs/models/components/summaryattributes.md
  - docs/models/components/listitem.md
  - docs/models/components/sharing.md
  - docs/models/components/singleview.md
  - docs/models/components/tableview.md
  - docs/models/components/uiconfig.md
  - docs/models/components/entityschema.md
  - docs/models/components/savedviewitemsource.md
  - docs/models/components/savedviewitem2.md
  - docs/models/components/savedviewitem1.md
  - docs/models/components/savedviewitemcreatedby.md
  - docs/models/components/savedviewitem.md
  - docs/models/components/savedviewsource.md
  - docs/models/components/savedview2.md
  - docs/models/components/savedview1.md
  - docs/models/components/createdby.md
  - docs/models/components/savedview.md
  - docs/models/components/entityitem.md
  - docs/models/components/aggregations.md
  - docs/models/components/entitysearchresults.md
  - docs/models/components/aggs.md
  - docs/models/components/entitysearchparams.md
  - docs/models/components/status.md
  - docs/models/components/entityvalidationresultsuccess.md
  - docs/models/components/entityvalidationerror.md
  - docs/models/components/relationitem.md
  - docs/models/components/getrelatedentitiescount.md
  - docs/models/components/getrelationsresp.md
  - docs/models/components/relationentity.md
  - docs/models/components/getrelationsrespwithpagination.md
  - docs/models/components/entityrelationsmodequeryparam.md
  - docs/models/components/s3reference.md
  - docs/models/components/entityimportparams.md
  - docs/models/components/security.md
  - docs/models/errors/status.md
  - docs/models/errors/entityvalidationresulterror.md
  - docs/sdks/epilot/README.md
  - docs/sdks/activity/README.md
  - docs/sdks/taxonomy/README.md
  - docs/sdks/schemas/README.md
  - docs/sdks/savedviews/README.md
  - docs/sdks/entities/README.md
  - docs/sdks/relations/README.md
  - docs/sdks/export/README.md
  - docs/sdks/entityimport/README.md
  - USAGE.md
  - .gitattributes
