lockVersion: 2.0.0
id: 319d8a5d-58d4-4817-81b1-11edc2d7497a
management:
  docChecksum: 4c03cd4d306586b3f098622fc16d9209
  docVersion: 1.0.0
  speakeasyVersion: 1.300.1
  generationVersion: 2.339.1
  releaseVersion: 1.3.0
  configChecksum: c5cebbdc873d056507c093b4152a6f39
  repoURL: https://github.com/epilot-dev/sdk-python.git
  repoSubDirectory: permissions
  installationURL: https://github.com/epilot-dev/sdk-python.git#subdirectory=permissions
features:
  python:
    additionalDependencies: 0.1.0
    constsAndDefaults: 0.1.3
    core: 4.6.9
    flattening: 2.81.1
    globalSecurity: 2.83.5
    globalSecurityCallbacks: 0.1.0
    globalServerURLs: 2.82.2
    responseFormat: 0.1.0
    sdkHooks: 0.1.0
    unions: 2.82.7
generatedFiles:
  - src/epilot/sdkconfiguration.py
  - src/epilot/assignments.py
  - src/epilot/roles.py
  - src/epilot/sdk.py
  - py.typed
  - pylintrc
  - setup.py
  - src/epilot/__init__.py
  - src/epilot/utils/__init__.py
  - src/epilot/utils/retries.py
  - src/epilot/utils/utils.py
  - src/epilot/models/errors/sdkerror.py
  - src/epilot/models/operations/addassignment.py
  - src/epilot/models/operations/assignroles.py
  - src/epilot/models/operations/getassignedrolesforuser.py
  - src/epilot/models/operations/listallassignments.py
  - src/epilot/models/operations/removeassignment.py
  - src/epilot/models/operations/deleterole.py
  - src/epilot/models/operations/getrole.py
  - src/epilot/models/operations/listallroles.py
  - src/epilot/models/operations/listcurrentroles.py
  - src/epilot/models/operations/putrole.py
  - src/epilot/models/operations/refreshpermissions.py
  - src/epilot/models/operations/searchroles.py
  - src/epilot/models/components/httpmetadata.py
  - src/epilot/models/components/assignment.py
  - src/epilot/models/components/role.py
  - src/epilot/models/components/userrole.py
  - src/epilot/models/components/grant.py
  - src/epilot/models/components/grantcondition.py
  - src/epilot/models/components/equalscondition.py
  - src/epilot/models/components/orgrole.py
  - src/epilot/models/components/sharerole.py
  - src/epilot/models/components/partnerrole.py
  - src/epilot/models/components/rolepayload.py
  - src/epilot/models/components/grantwithdependencies.py
  - src/epilot/models/components/rolesearchinput.py
  - src/epilot/models/components/security.py
  - src/epilot/models/__init__.py
  - src/epilot/models/errors/__init__.py
  - src/epilot/models/operations/__init__.py
  - src/epilot/models/components/__init__.py
  - docs/models/operations/addassignmentrequest.md
  - docs/models/operations/addassignmentresponse.md
  - docs/models/operations/assignrolesrequest.md
  - docs/models/operations/assignrolesresponse.md
  - docs/models/operations/getassignedrolesforuserrequest.md
  - docs/models/operations/getassignedrolesforuserresponse.md
  - docs/models/operations/listallassignmentsresponsebody.md
  - docs/models/operations/listallassignmentsresponse.md
  - docs/models/operations/removeassignmentrequest.md
  - docs/models/operations/removeassignmentresponse.md
  - docs/models/operations/deleterolerequest.md
  - docs/models/operations/deleteroleresponse.md
  - docs/models/operations/getrolerequest.md
  - docs/models/operations/getroleresponse.md
  - docs/models/operations/listallrolesresponsebody.md
  - docs/models/operations/listallrolesresponse.md
  - docs/models/operations/listcurrentrolesresponsebody.md
  - docs/models/operations/listcurrentrolesresponse.md
  - docs/models/operations/putrolerequest.md
  - docs/models/operations/putroleresponse.md
  - docs/models/operations/refreshpermissionsresponse.md
  - docs/models/operations/searchrolesresponsebody.md
  - docs/models/operations/searchrolesresponse.md
  - docs/models/components/httpmetadata.md
  - docs/models/components/assignment.md
  - docs/models/components/role.md
  - docs/models/components/userroletype.md
  - docs/models/components/userrole.md
  - docs/models/components/effect.md
  - docs/models/components/grant.md
  - docs/models/components/grantcondition.md
  - docs/models/components/operation.md
  - docs/models/components/equalscondition.md
  - docs/models/components/type.md
  - docs/models/components/orgrole.md
  - docs/models/components/shareroletype.md
  - docs/models/components/sharerole.md
  - docs/models/components/partnerroletype.md
  - docs/models/components/partnerrole.md
  - docs/models/components/rolepayloadschemastrue4type.md
  - docs/models/components/four.md
  - docs/models/components/rolepayloadschemastruetype.md
  - docs/models/components/three.md
  - docs/models/components/rolepayloadschemastype.md
  - docs/models/components/two.md
  - docs/models/components/rolepayloadtype.md
  - docs/models/components/one.md
  - docs/models/components/rolepayload.md
  - docs/models/components/grantwithdependencieseffect.md
  - docs/models/components/grantwithdependencies.md
  - docs/models/components/rolesearchinput.md
  - docs/models/components/security.md
  - docs/sdks/epilot/README.md
  - docs/sdks/assignments/README.md
  - docs/sdks/roles/README.md
  - USAGE.md
  - .gitattributes
  - src/epilot/_hooks/sdkhooks.py
  - src/epilot/_hooks/types.py
  - src/epilot/_hooks/__init__.py
