lockVersion: 2.0.0
id: 8c336290-90ec-4ac5-adec-c746d4ec73e8
management:
  docChecksum: 1d38c1ad1e2a5560569caa715abb1ac3
  docVersion: 1.0.0
  speakeasyVersion: internal
  generationVersion: 2.250.12
  releaseVersion: 3.0.0
  configChecksum: 9dd708e895db0e0f83e81e3fb298f578
  repoURL: https://github.com/epilot-dev/sdk-python.git
  repoSubDirectory: message
  installationURL: https://github.com/epilot-dev/sdk-python.git#subdirectory=message
features:
  python:
    constsAndDefaults: 0.1.2
    core: 4.4.5
    flattening: 2.81.1
    globalSecurity: 2.83.2
    globalServerURLs: 2.82.1
generatedFiles:
  - src/epilot/sdkconfiguration.py
  - src/epilot/drafts.py
  - src/epilot/messages.py
  - src/epilot/threads.py
  - src/epilot/sdk.py
  - pylintrc
  - setup.py
  - src/epilot/__init__.py
  - src/epilot/utils/__init__.py
  - src/epilot/utils/retries.py
  - src/epilot/utils/utils.py
  - src/epilot/models/errors/sdkerror.py
  - tests/helpers.py
  - src/epilot/models/operations/createdraft.py
  - src/epilot/models/operations/senddraft.py
  - src/epilot/models/operations/deletemessage.py
  - src/epilot/models/operations/getmessage.py
  - src/epilot/models/operations/getmessagev2.py
  - src/epilot/models/operations/markreadmessage.py
  - src/epilot/models/operations/markunreadmessage.py
  - src/epilot/models/operations/sendmessage.py
  - src/epilot/models/operations/trashmessage.py
  - src/epilot/models/operations/untrashmessage.py
  - src/epilot/models/operations/updatemessage.py
  - src/epilot/models/operations/assignthread.py
  - src/epilot/models/operations/assignusers.py
  - src/epilot/models/operations/deletethread.py
  - src/epilot/models/operations/markreadthread.py
  - src/epilot/models/operations/markunreadthread.py
  - src/epilot/models/operations/searchthreads.py
  - src/epilot/models/operations/trashthread.py
  - src/epilot/models/operations/untrashthread.py
  - src/epilot/models/operations/updatethread.py
  - src/epilot/models/components/address.py
  - src/epilot/models/components/attachmentsrelation.py
  - src/epilot/models/components/file.py
  - src/epilot/models/components/messagerequestparams.py
  - src/epilot/models/components/messagev2.py
  - src/epilot/models/components/message.py
  - src/epilot/models/components/searchparams.py
  - src/epilot/models/components/security.py
  - src/epilot/models/__init__.py
  - src/epilot/models/errors/__init__.py
  - src/epilot/models/operations/__init__.py
  - src/epilot/models/components/__init__.py
  - docs/models/operations/sendstatus.md
  - docs/models/operations/type.md
  - docs/models/operations/createdraftresponsebody.md
  - docs/models/operations/createdraftresponse.md
  - docs/models/operations/senddraftsendstatus.md
  - docs/models/operations/senddrafttype.md
  - docs/models/operations/senddraftresponsebody.md
  - docs/models/operations/senddraftresponse.md
  - docs/models/operations/deletemessagerequest.md
  - docs/models/operations/deletemessageresponse.md
  - docs/models/operations/getmessagerequest.md
  - docs/models/operations/getmessagesendstatus.md
  - docs/models/operations/getmessagetype.md
  - docs/models/operations/getmessageresponsebody.md
  - docs/models/operations/getmessageresponse.md
  - docs/models/operations/getmessagev2request.md
  - docs/models/operations/getmessagev2response.md
  - docs/models/operations/markreadmessagerequest.md
  - docs/models/operations/markreadmessageresponse.md
  - docs/models/operations/markunreadmessagerequest.md
  - docs/models/operations/markunreadmessageresponse.md
  - docs/models/operations/sendmessagerequest.md
  - docs/models/operations/sendmessagesendstatus.md
  - docs/models/operations/sendmessagetype.md
  - docs/models/operations/sendmessageresponsebody.md
  - docs/models/operations/sendmessageresponse.md
  - docs/models/operations/trashmessagerequest.md
  - docs/models/operations/trashmessageresponse.md
  - docs/models/operations/untrashmessagerequest.md
  - docs/models/operations/untrashmessageresponse.md
  - docs/models/operations/updatemessagesendstatus.md
  - docs/models/operations/updatemessagetype.md
  - docs/models/operations/updatemessageresponsebody.md
  - docs/models/operations/updatemessageresponse.md
  - docs/models/operations/requestbody.md
  - docs/models/operations/assignthreadrequest.md
  - docs/models/operations/assignthreadresponse.md
  - docs/models/operations/assignusersrequestbody.md
  - docs/models/operations/assignusersrequest.md
  - docs/models/operations/assignusersresponse.md
  - docs/models/operations/deletethreadrequest.md
  - docs/models/operations/deletethreadresponse.md
  - docs/models/operations/markreadthreadrequest.md
  - docs/models/operations/markreadthreadresponse.md
  - docs/models/operations/markunreadthreadrequest.md
  - docs/models/operations/markunreadthreadresponse.md
  - docs/models/operations/results.md
  - docs/models/operations/searchthreadsresponsebody.md
  - docs/models/operations/searchthreadsresponse.md
  - docs/models/operations/trashthreadrequest.md
  - docs/models/operations/trashthreadresponse.md
  - docs/models/operations/untrashthreadrequest.md
  - docs/models/operations/untrashthreadresponse.md
  - docs/models/operations/updatethreadresponsebody.md
  - docs/models/operations/updatethreadresponse.md
  - docs/models/components/senderror.md
  - docs/models/components/sendstatus.md
  - docs/models/components/address.md
  - docs/models/components/attachmentsrelation.md
  - docs/models/components/file.md
  - docs/models/components/thread.md
  - docs/models/components/messagerequestparams.md
  - docs/models/components/messagev2sendstatus.md
  - docs/models/components/messagev2type.md
  - docs/models/components/messagev2.md
  - docs/models/components/messagesendstatus.md
  - docs/models/components/type.md
  - docs/models/components/message.md
  - docs/models/components/searchparams.md
  - docs/models/components/security.md
  - docs/sdks/epilot/README.md
  - docs/sdks/drafts/README.md
  - docs/sdks/messages/README.md
  - docs/sdks/threads/README.md
  - USAGE.md
  - .gitattributes
