lockVersion: 2.0.0
id: 33caae79-0482-46e7-9dea-4e7a337d182e
management:
  docChecksum: 2ff9f6c43afde1839bb320502ba37d3a
  docVersion: 1.0.0
  speakeasyVersion: 1.357.3
  generationVersion: 2.390.0
  releaseVersion: 1.3.0
  configChecksum: eeb01c067932c658eb07e257e57b5c89
  repoURL: https://github.com/epilot-dev/sdk-python.git
  repoSubDirectory: submission
  installationURL: https://github.com/epilot-dev/sdk-python.git#subdirectory=submission
features:
  python:
    additionalDependencies: 1.0.0
    additionalProperties: 1.0.0
    core: 5.3.5
    defaultEnabledRetries: 0.2.0
    deprecations: 3.0.0
    envVarSecurityUsage: 0.3.1
    globalSecurity: 3.0.2
    globalSecurityCallbacks: 1.0.0
    globalSecurityFlattening: 1.0.0
    globalServerURLs: 3.0.0
    responseFormat: 1.0.0
    retries: 3.0.0
    sdkHooks: 1.0.0
generatedFiles:
  - src/epilot_submission/sdkconfiguration.py
  - src/epilot_submission/submissions.py
  - src/epilot_submission/sdk.py
  - .vscode/settings.json
  - poetry.toml
  - py.typed
  - pylintrc
  - pyproject.toml
  - scripts/compile.sh
  - scripts/publish.sh
  - src/epilot_submission/__init__.py
  - src/epilot_submission/basesdk.py
  - src/epilot_submission/httpclient.py
  - src/epilot_submission/py.typed
  - src/epilot_submission/types/__init__.py
  - src/epilot_submission/types/basemodel.py
  - src/epilot_submission/utils/__init__.py
  - src/epilot_submission/utils/annotations.py
  - src/epilot_submission/utils/enums.py
  - src/epilot_submission/utils/eventstreaming.py
  - src/epilot_submission/utils/forms.py
  - src/epilot_submission/utils/headers.py
  - src/epilot_submission/utils/logger.py
  - src/epilot_submission/utils/metadata.py
  - src/epilot_submission/utils/queryparams.py
  - src/epilot_submission/utils/requestbodies.py
  - src/epilot_submission/utils/retries.py
  - src/epilot_submission/utils/security.py
  - src/epilot_submission/utils/serializers.py
  - src/epilot_submission/utils/url.py
  - src/epilot_submission/utils/values.py
  - src/epilot_submission/models/sdkerror.py
  - src/epilot_submission/models/submissionpayload.py
  - src/epilot_submission/models/optin.py
  - src/epilot_submission/models/submissionentity.py
  - src/epilot_submission/models/s3reference.py
  - src/epilot_submission/models/security.py
  - src/epilot_submission/models/__init__.py
  - docs/models/submissionpayload.md
  - docs/models/optin.md
  - docs/models/schema.md
  - docs/models/files.md
  - docs/models/submissionentity.md
  - docs/models/s3reference.md
  - docs/models/security.md
  - docs/sdks/epilot/README.md
  - docs/models/utils/retryconfig.md
  - docs/sdks/submissions/README.md
  - USAGE.md
  - .gitattributes
  - src/epilot_submission/_hooks/sdkhooks.py
  - src/epilot_submission/_hooks/types.py
  - src/epilot_submission/_hooks/__init__.py
  - CONTRIBUTING.md
