lockVersion: 2.0.0
id: 0e106658-338c-4278-9ca8-bfea1969de44
management:
  docChecksum: 465710cc7898226b63444257b948a056
  docVersion: 1.0.0
  speakeasyVersion: 1.358.0
  generationVersion: 2.390.6
  releaseVersion: 1.3.0
  configChecksum: 4d6798d7ab914f148163485fa287228d
  repoURL: https://github.com/epilot-dev/sdk-python.git
  repoSubDirectory: customer_portal
  installationURL: https://github.com/epilot-dev/sdk-python.git#subdirectory=customer_portal
features:
  python:
    additionalDependencies: 1.0.0
    additionalProperties: 1.0.0
    constsAndDefaults: 1.0.2
    core: 5.3.7
    defaultEnabledRetries: 0.2.0
    deprecations: 3.0.0
    envVarSecurityUsage: 0.3.1
    errorUnions: 1.0.1
    flattening: 3.0.0
    globalSecurity: 3.0.2
    globalSecurityCallbacks: 1.0.0
    globalServerURLs: 3.0.0
    nullables: 1.0.0
    responseFormat: 1.0.0
    retries: 3.0.0
    sdkHooks: 1.0.0
    unions: 3.0.1
generatedFiles:
  - src/epilot_customer_portal/sdkconfiguration.py
  - src/epilot_customer_portal/ecp_admin.py
  - src/epilot_customer_portal/balance_sdk.py
  - src/epilot_customer_portal/ecp.py
  - src/epilot_customer_portal/activity.py
  - src/epilot_customer_portal/public.py
  - src/epilot_customer_portal/sdk.py
  - .vscode/settings.json
  - poetry.toml
  - py.typed
  - pylintrc
  - pyproject.toml
  - scripts/compile.sh
  - scripts/prepare-readme.py
  - scripts/publish.sh
  - src/epilot_customer_portal/__init__.py
  - src/epilot_customer_portal/basesdk.py
  - src/epilot_customer_portal/httpclient.py
  - src/epilot_customer_portal/py.typed
  - src/epilot_customer_portal/types/__init__.py
  - src/epilot_customer_portal/types/basemodel.py
  - src/epilot_customer_portal/utils/__init__.py
  - src/epilot_customer_portal/utils/annotations.py
  - src/epilot_customer_portal/utils/enums.py
  - src/epilot_customer_portal/utils/eventstreaming.py
  - src/epilot_customer_portal/utils/forms.py
  - src/epilot_customer_portal/utils/headers.py
  - src/epilot_customer_portal/utils/logger.py
  - src/epilot_customer_portal/utils/metadata.py
  - src/epilot_customer_portal/utils/queryparams.py
  - src/epilot_customer_portal/utils/requestbodies.py
  - src/epilot_customer_portal/utils/retries.py
  - src/epilot_customer_portal/utils/security.py
  - src/epilot_customer_portal/utils/serializers.py
  - src/epilot_customer_portal/utils/url.py
  - src/epilot_customer_portal/utils/values.py
  - src/epilot_customer_portal/models/sdkerror.py
  - src/epilot_customer_portal/models/cantriggerportalflowop.py
  - src/epilot_customer_portal/models/origin.py
  - src/epilot_customer_portal/models/triggerportalflow.py
  - src/epilot_customer_portal/models/configuredistributionop.py
  - src/epilot_customer_portal/models/errorresp.py
  - src/epilot_customer_portal/models/createssouserop.py
  - src/epilot_customer_portal/models/portaluser.py
  - src/epilot_customer_portal/models/createssouserrequest.py
  - src/epilot_customer_portal/models/deleteportalop.py
  - src/epilot_customer_portal/models/extrapermissionattributesop.py
  - src/epilot_customer_portal/models/extraschemaattributes.py
  - src/epilot_customer_portal/models/fetchportalusersbyrelatedentityop.py
  - src/epilot_customer_portal/models/entityslug.py
  - src/epilot_customer_portal/models/getallportalconfigsop.py
  - src/epilot_customer_portal/models/portalconfig.py
  - src/epilot_customer_portal/models/registrationidentifier.py
  - src/epilot_customer_portal/models/grant.py
  - src/epilot_customer_portal/models/emailtemplates.py
  - src/epilot_customer_portal/models/allowedfileextensions.py
  - src/epilot_customer_portal/models/getecpcontactop.py
  - src/epilot_customer_portal/models/contact.py
  - src/epilot_customer_portal/models/getemailtemplatesop.py
  - src/epilot_customer_portal/models/getentityidentifiersop.py
  - src/epilot_customer_portal/models/journeyactions.py
  - src/epilot_customer_portal/models/rule.py
  - src/epilot_customer_portal/models/actionlabel.py
  - src/epilot_customer_portal/models/getexternallinksop.py
  - src/epilot_customer_portal/models/getorgportalconfigop.py
  - src/epilot_customer_portal/models/getportalconfigop.py
  - src/epilot_customer_portal/models/upsertportalwidget.py
  - src/epilot_customer_portal/models/entitywidget.py
  - src/epilot_customer_portal/models/contentwidget.py
  - src/epilot_customer_portal/models/actionwidget.py
  - src/epilot_customer_portal/models/widgetaction.py
  - src/epilot_customer_portal/models/teaserwidget.py
  - src/epilot_customer_portal/models/widgetbase.py
  - src/epilot_customer_portal/models/getportalwidgetsop.py
  - src/epilot_customer_portal/models/getrecipientstonotifyonautomationop.py
  - src/epilot_customer_portal/models/getregistrationidentifiersop.py
  - src/epilot_customer_portal/models/identifierattribute.py
  - src/epilot_customer_portal/models/getvalidsecondaryattributesop.py
  - src/epilot_customer_portal/models/logintoportalasuserop.py
  - src/epilot_customer_portal/models/replaceecptemplatevariablesop.py
  - src/epilot_customer_portal/models/saveportalfilesop.py
  - src/epilot_customer_portal/models/file.py
  - src/epilot_customer_portal/models/saveportalfile.py
  - src/epilot_customer_portal/models/upsertemailtemplatesop.py
  - src/epilot_customer_portal/models/upsertportalop.py
  - src/epilot_customer_portal/models/upsertportalconfig.py
  - src/epilot_customer_portal/models/adminuser.py
  - src/epilot_customer_portal/models/upsertportalwidgetop.py
  - src/epilot_customer_portal/models/balance.py
  - src/epilot_customer_portal/models/addcontractbyidentifiersop.py
  - src/epilot_customer_portal/models/entityitem.py
  - src/epilot_customer_portal/models/addendcustomerrelationtoentityop.py
  - src/epilot_customer_portal/models/activityitem.py
  - src/epilot_customer_portal/models/activitycallercontext.py
  - src/epilot_customer_portal/models/createcustomentityactivityop.py
  - src/epilot_customer_portal/models/deleteentityfileop.py
  - src/epilot_customer_portal/models/deleteentityfile.py
  - src/epilot_customer_portal/models/deleteportaluserop.py
  - src/epilot_customer_portal/models/getallcontractsop.py
  - src/epilot_customer_portal/models/getallfilesop.py
  - src/epilot_customer_portal/models/fileitem.py
  - src/epilot_customer_portal/models/getallopportunitiesop.py
  - src/epilot_customer_portal/models/getallordersop.py
  - src/epilot_customer_portal/models/getbillingeventsop.py
  - src/epilot_customer_portal/models/billingevent.py
  - src/epilot_customer_portal/models/getcontactop.py
  - src/epilot_customer_portal/models/getcontractop.py
  - src/epilot_customer_portal/models/order.py
  - src/epilot_customer_portal/models/meter.py
  - src/epilot_customer_portal/models/contract.py
  - src/epilot_customer_portal/models/getfilebyidop.py
  - src/epilot_customer_portal/models/entityfilecount.py
  - src/epilot_customer_portal/models/getopportunityop.py
  - src/epilot_customer_portal/models/opportunity.py
  - src/epilot_customer_portal/models/getorderop.py
  - src/epilot_customer_portal/models/product.py
  - src/epilot_customer_portal/models/getorganizationsettingsop.py
  - src/epilot_customer_portal/models/organizationsettings.py
  - src/epilot_customer_portal/models/getportaluserop.py
  - src/epilot_customer_portal/models/getschemasop.py
  - src/epilot_customer_portal/models/schema.py
  - src/epilot_customer_portal/models/getsearchresultsforopportunitiesop.py
  - src/epilot_customer_portal/models/getsearchableattributesforopportunitiesop.py
  - src/epilot_customer_portal/models/postorderacceptanceop.py
  - src/epilot_customer_portal/models/acceptancedecision.py
  - src/epilot_customer_portal/models/revoketokenop.py
  - src/epilot_customer_portal/models/saveentityfileop.py
  - src/epilot_customer_portal/models/saveentityfile.py
  - src/epilot_customer_portal/models/searchpaymentrelationsinentitiesop.py
  - src/epilot_customer_portal/models/searchportaluserentitiesop.py
  - src/epilot_customer_portal/models/entitysearchparams.py
  - src/epilot_customer_portal/models/trackfiledownloadedop.py
  - src/epilot_customer_portal/models/triggerentityaccesseventop.py
  - src/epilot_customer_portal/models/updatecontactop.py
  - src/epilot_customer_portal/models/failedruleerrorresp.py
  - src/epilot_customer_portal/models/updatecontractop.py
  - src/epilot_customer_portal/models/updateopportunityop.py
  - src/epilot_customer_portal/models/updateorderop.py
  - src/epilot_customer_portal/models/updateportaluserop.py
  - src/epilot_customer_portal/models/updateportaluseremailop.py
  - src/epilot_customer_portal/models/updateworkflowstepasdoneop.py
  - src/epilot_customer_portal/models/validatecadenceentityeditrulesop.py
  - src/epilot_customer_portal/models/entityeditrule.py
  - src/epilot_customer_portal/models/getentityactivityfeedop.py
  - src/epilot_customer_portal/models/checkcontactexistsop.py
  - src/epilot_customer_portal/models/contactexistsrequest.py
  - src/epilot_customer_portal/models/confirmuserop.py
  - src/epilot_customer_portal/models/confirmuserwithuseridop.py
  - src/epilot_customer_portal/models/createuserop.py
  - src/epilot_customer_portal/models/createuserrequest.py
  - src/epilot_customer_portal/models/getportalconfigbydomainop.py
  - src/epilot_customer_portal/models/getpublicportalconfigop.py
  - src/epilot_customer_portal/models/getpublicportalwidgetsop.py
  - src/epilot_customer_portal/models/userexistsop.py
  - src/epilot_customer_portal/models/security.py
  - src/epilot_customer_portal/models/__init__.py
  - docs/models/cantriggerportalflowrequest.md
  - docs/models/cantriggerportalflowresponsebody.md
  - docs/models/origin.md
  - docs/models/fileconfig.md
  - docs/models/ecpconfig.md
  - docs/models/triggerportalflow.md
  - docs/models/configuredistributionrequest.md
  - docs/models/configuredistributionresponsebody.md
  - docs/models/errorresp.md
  - docs/models/createssouserrequest1.md
  - docs/models/createssouserresponsebody.md
  - docs/models/portaluserschema.md
  - docs/models/portaluser.md
  - docs/models/createssouserrequest.md
  - docs/models/deleteportalrequest.md
  - docs/models/data.md
  - docs/models/extrapermissionattributesresponsebody.md
  - docs/models/extraschemaattributes.md
  - docs/models/fetchportalusersbyrelatedentityrequest.md
  - docs/models/fetchportalusersbyrelatedentityresponsebody.md
  - docs/models/entityslug.md
  - docs/models/getallportalconfigsresponsebody.md
  - docs/models/advancedmfa.md
  - docs/models/passwordpolicy.md
  - docs/models/cognitodetails.md
  - docs/models/cadenceperiodtype.md
  - docs/models/ruletype.md
  - docs/models/entityeditrules.md
  - docs/models/portalconfigtype.md
  - docs/models/entityidentifiers.md
  - docs/models/featuresettings.md
  - docs/models/images.md
  - docs/models/canary.md
  - docs/models/notracking.md
  - docs/models/orgsettings.md
  - docs/models/selfregistrationsetting.md
  - docs/models/portalconfig.md
  - docs/models/registrationidentifier.md
  - docs/models/effect.md
  - docs/models/grant.md
  - docs/models/emailtemplates.md
  - docs/models/allowedfileextensions.md
  - docs/models/getecpcontactrequest.md
  - docs/models/getecpcontactresponsebody.md
  - docs/models/contactschema.md
  - docs/models/contact.md
  - docs/models/getemailtemplatesrequest.md
  - docs/models/getentityidentifiersrequest.md
  - docs/models/getentityidentifiersdata.md
  - docs/models/getentityidentifiersresponsebody.md
  - docs/models/journeyactions.md
  - docs/models/rule.md
  - docs/models/actionlabel.md
  - docs/models/getexternallinksrequest.md
  - docs/models/getorgportalconfigrequest.md
  - docs/models/getportalconfigrequest.md
  - docs/models/upsertportalwidget.md
  - docs/models/entitywidgetheadline.md
  - docs/models/entitywidgetsubheadline.md
  - docs/models/entitywidgettype.md
  - docs/models/entitywidget.md
  - docs/models/contentwidgetheadline.md
  - docs/models/contentwidgetsubheadline.md
  - docs/models/contentwidgettype.md
  - docs/models/contentwidget.md
  - docs/models/headline.md
  - docs/models/subheadline.md
  - docs/models/actionwidgettype.md
  - docs/models/actionwidget.md
  - docs/models/label.md
  - docs/models/rules.md
  - docs/models/widgetactiontype.md
  - docs/models/widgetaction.md
  - docs/models/teaserwidgetlabel.md
  - docs/models/button.md
  - docs/models/teaserwidgetheadline.md
  - docs/models/teaserwidgetsubheadline.md
  - docs/models/teaserwidgettype.md
  - docs/models/teaserwidget.md
  - docs/models/widgetbaseheadline.md
  - docs/models/widgetbasesubheadline.md
  - docs/models/widgetbasetype.md
  - docs/models/widgetbase.md
  - docs/models/getportalwidgetsrequest.md
  - docs/models/getrecipientstonotifyonautomationrequestbody.md
  - docs/models/recipients.md
  - docs/models/getrecipientstonotifyonautomationresponsebody.md
  - docs/models/getregistrationidentifiersresponsebody.md
  - docs/models/identifierattribute.md
  - docs/models/getvalidsecondaryattributesdata.md
  - docs/models/getvalidsecondaryattributesresponsebody.md
  - docs/models/logintoportalasuserrequestbody.md
  - docs/models/logintoportalasuserresponsebody.md
  - docs/models/requestbody.md
  - docs/models/customerportal.md
  - docs/models/replaceecptemplatevariablesinstallerportal.md
  - docs/models/replaceecptemplatevariablesresponsebody.md
  - docs/models/saveportalfilesresponsebody.md
  - docs/models/fileschema.md
  - docs/models/file.md
  - docs/models/saveportalfiles3ref.md
  - docs/models/saveportalfilefiles.md
  - docs/models/saveportalfile.md
  - docs/models/upsertemailtemplatesrequest.md
  - docs/models/message.md
  - docs/models/upsertemailtemplatesresponsebody.md
  - docs/models/upsertportalrequest.md
  - docs/models/upsertportalconfigadvancedmfa.md
  - docs/models/upsertportalconfigpasswordpolicy.md
  - docs/models/upsertportalconfigcognitodetails.md
  - docs/models/defaultusertonotify.md
  - docs/models/upsertportalconfigactionlabel.md
  - docs/models/entityactions.md
  - docs/models/upsertportalconfigcadenceperiodtype.md
  - docs/models/upsertportalconfigruletype.md
  - docs/models/upsertportalconfigentityeditrules.md
  - docs/models/upsertportalconfigtype.md
  - docs/models/upsertportalconfigentityidentifiers.md
  - docs/models/upsertportalconfigfeaturesettings.md
  - docs/models/upsertportalconfigimages.md
  - docs/models/upsertportalconfigselfregistrationsetting.md
  - docs/models/upsertportalconfig.md
  - docs/models/imageuri.md
  - docs/models/adminuser.md
  - docs/models/upsertportalwidgetrequest.md
  - docs/models/balance.md
  - docs/models/reason.md
  - docs/models/addcontractbyidentifiersecpresponsebody.md
  - docs/models/addcontractbyidentifiersresponsebody.md
  - docs/models/entityitem.md
  - docs/models/addendcustomerrelationtoentityrequest.md
  - docs/models/addendcustomerrelationtoentityresponsebody.md
  - docs/models/entity.md
  - docs/models/payload.md
  - docs/models/activityitem.md
  - docs/models/token.md
  - docs/models/portalauth.md
  - docs/models/activitycallercontext.md
  - docs/models/createcustomentityactivitytype.md
  - docs/models/createcustomentityactivityrequestbody.md
  - docs/models/createcustomentityactivityrequest.md
  - docs/models/deleteentityfileresponsebody.md
  - docs/models/deleteentityfile.md
  - docs/models/deleteportalusermessage.md
  - docs/models/deleteportaluserresponsebody.md
  - docs/models/getallcontractsrequest.md
  - docs/models/getallcontractsbillingperiod.md
  - docs/models/getallcontractsbranch.md
  - docs/models/getallcontractsnoticetimeunit.md
  - docs/models/getallcontractsrenewaldurationunit.md
  - docs/models/getallcontractsstatus.md
  - docs/models/getallcontractsdata.md
  - docs/models/getallcontractsresponsebody.md
  - docs/models/getallfilesrequest.md
  - docs/models/getallfilesresponsebody.md
  - docs/models/relations.md
  - docs/models/fileitemschema.md
  - docs/models/accesscontrol.md
  - docs/models/fileitemtype.md
  - docs/models/fileitem.md
  - docs/models/getallopportunitiesrequest.md
  - docs/models/getallopportunitiesschema.md
  - docs/models/getallopportunitiesdata.md
  - docs/models/getallopportunitiesresponsebody.md
  - docs/models/getallordersrequest.md
  - docs/models/getallordersschema.md
  - docs/models/getallordersdata.md
  - docs/models/getallordersresponsebody.md
  - docs/models/eventtype.md
  - docs/models/getbillingeventsrequest.md
  - docs/models/getbillingeventsresponsebody.md
  - docs/models/schemasdollarrelation.md
  - docs/models/schemascontract.md
  - docs/models/schemastype.md
  - docs/models/reimbursementeventschemas.md
  - docs/models/dollarrelation.md
  - docs/models/schemasinstallmenteventcontract.md
  - docs/models/type.md
  - docs/models/schemas.md
  - docs/models/billingevent.md
  - docs/models/getcontactresponsebody.md
  - docs/models/getcontractrequest.md
  - docs/models/getcontractresponsebody.md
  - docs/models/orderschema.md
  - docs/models/order.md
  - docs/models/meterschema.md
  - docs/models/meter.md
  - docs/models/billingperiod.md
  - docs/models/branch.md
  - docs/models/noticetimeunit.md
  - docs/models/renewaldurationunit.md
  - docs/models/status.md
  - docs/models/contract.md
  - docs/models/getfilebyidrequest.md
  - docs/models/getfilebyidresponsebody.md
  - docs/models/entityfilecount.md
  - docs/models/getopportunityrequest.md
  - docs/models/getopportunityresponsebody.md
  - docs/models/opportunityschema.md
  - docs/models/opportunity.md
  - docs/models/getorderrequest.md
  - docs/models/getorderresponsebody.md
  - docs/models/productschema.md
  - docs/models/product.md
  - docs/models/getorganizationsettingsresponsebody.md
  - docs/models/automationentitymapping.md
  - docs/models/automationpreview.md
  - docs/models/centralinboxpreviewsetting.md
  - docs/models/contractspreviewsetting.md
  - docs/models/disableivy.md
  - docs/models/doubleoptin.md
  - docs/models/ecommercecatalogpreview.md
  - docs/models/ecommerceopportunitiespreview.md
  - docs/models/ecommercepreview.md
  - docs/models/endcustomerportal.md
  - docs/models/entityschemabuilder.md
  - docs/models/installerportal.md
  - docs/models/logiceditorpreview.md
  - docs/models/newnavigation.md
  - docs/models/partnering.md
  - docs/models/productavailability.md
  - docs/models/sso.md
  - docs/models/submissionpreview.md
  - docs/models/userrolespreview.md
  - docs/models/organizationsettings.md
  - docs/models/getportaluserresponsebody.md
  - docs/models/getschemasresponsebody.md
  - docs/models/schema.md
  - docs/models/workflows.md
  - docs/models/getsearchresultsforopportunitiesrequestbody.md
  - docs/models/getsearchresultsforopportunitiesrequest.md
  - docs/models/getsearchresultsforopportunitiesresponsebody.md
  - docs/models/getsearchableattributesforopportunitiesrequest.md
  - docs/models/getsearchableattributesforopportunitiesresponsebody.md
  - docs/models/postorderacceptancerequest.md
  - docs/models/postorderacceptanceresponsebody.md
  - docs/models/decision.md
  - docs/models/acceptancedecision.md
  - docs/models/revoketokenrequestbody.md
  - docs/models/revoketokenmessage.md
  - docs/models/revoketokenresponsebody.md
  - docs/models/saveentityfileresponsebody.md
  - docs/models/saveentityfileaccesscontrol.md
  - docs/models/s3ref.md
  - docs/models/files.md
  - docs/models/saveentityfile.md
  - docs/models/searchpaymentrelationsinentitiesrequest.md
  - docs/models/searchpaymentrelationsinentitiesresponsebody.md
  - docs/models/searchportaluserentitiesresponsebody.md
  - docs/models/entitysearchparams.md
  - docs/models/trackfiledownloadedrequest.md
  - docs/models/trackfiledownloadedresponsebody.md
  - docs/models/triggerentityaccesseventrequest.md
  - docs/models/triggerentityaccesseventresponsebody.md
  - docs/models/updatecontactecpresponsebody.md
  - docs/models/updatecontactresponsebody.md
  - docs/models/failedrule.md
  - docs/models/failedruleerrorresp.md
  - docs/models/updatecontractrequest.md
  - docs/models/updatecontractecpresponsebody.md
  - docs/models/updatecontractresponsebody.md
  - docs/models/updateopportunityrequest.md
  - docs/models/updateopportunityresponsebody.md
  - docs/models/updateorderrequest.md
  - docs/models/updateorderresponsebody.md
  - docs/models/updateportaluserresponsebody.md
  - docs/models/updateportaluseremailrequestbody.md
  - docs/models/updateportaluseremailresponsebody.md
  - docs/models/updateworkflowstepasdonerequest.md
  - docs/models/validatecadenceentityeditrulesrequest.md
  - docs/models/validatecadenceentityeditrulesresponsebody.md
  - docs/models/entityeditrule.md
  - docs/models/getentityactivityfeedrequest.md
  - docs/models/getentityactivityfeedresponsebody.md
  - docs/models/checkcontactexistsrequest.md
  - docs/models/checkcontactexistsresponsebody.md
  - docs/models/contactexistsrequest.md
  - docs/models/confirmuserrequest.md
  - docs/models/confirmuserwithuseridrequest.md
  - docs/models/createuserrequest1.md
  - docs/models/createusermessage.md
  - docs/models/createuserresponsebody.md
  - docs/models/createuserrequest.md
  - docs/models/getportalconfigbydomainrequest.md
  - docs/models/getpublicportalconfigrequest.md
  - docs/models/getpublicportalwidgetsrequest.md
  - docs/models/userexistsrequest.md
  - docs/models/userexistsresponsebody.md
  - docs/models/security.md
  - docs/sdks/epilot/README.md
  - docs/models/utils/retryconfig.md
  - docs/sdks/ecpadmin/README.md
  - docs/sdks/balancesdk/README.md
  - docs/sdks/ecp/README.md
  - docs/sdks/activity/README.md
  - docs/sdks/public/README.md
  - USAGE.md
  - .gitattributes
  - src/epilot_customer_portal/_hooks/sdkhooks.py
  - src/epilot_customer_portal/_hooks/types.py
  - src/epilot_customer_portal/_hooks/__init__.py
  - CONTRIBUTING.md
