lockVersion: 2.0.0
id: d7dd7746-5961-4c74-8789-c5706d24e11c
management:
  docChecksum: 0c38c5e4341d7eb39afb394a855c5a8a
  docVersion: 1.0.0
  speakeasyVersion: 1.345.1
  generationVersion: 2.378.1
  releaseVersion: 1.2.0
  configChecksum: 8e861637a0701216abc8ab55123b9f01
  repoURL: https://github.com/epilot-dev/sdk-python.git
  repoSubDirectory: pricing
  installationURL: https://github.com/epilot-dev/sdk-python.git#subdirectory=pricing
features:
  python:
    additionalDependencies: 0.1.0
    additionalProperties: 0.1.0
    constsAndDefaults: 0.1.3
    core: 4.8.2
    deprecations: 2.81.1
    flattening: 2.81.1
    globalSecurity: 2.83.5
    globalSecurityCallbacks: 0.1.0
    globalSecurityFlattening: 0.1.0
    globalServerURLs: 2.82.2
    inputOutputModels: 2.83.1
    nullables: 0.1.0
    responseFormat: 0.1.0
    sdkHooks: 0.1.0
    unions: 2.82.8
generatedFiles:
  - src/epilot/sdkconfiguration.py
  - src/epilot/order_api.py
  - src/epilot/availability_api.py
  - src/epilot/cart_api.py
  - src/epilot/catalog_api.py
  - src/epilot/deprecated.py
  - src/epilot/sdk.py
  - py.typed
  - pylintrc
  - scripts/publish.sh
  - setup.py
  - src/epilot/__init__.py
  - src/epilot/utils/__init__.py
  - src/epilot/utils/retries.py
  - src/epilot/utils/utils.py
  - src/epilot/models/errors/sdkerror.py
  - src/epilot/models/operations/createorder.py
  - src/epilot/models/operations/putorder.py
  - src/epilot/models/operations/dollar_availabilitycheck.py
  - src/epilot/models/operations/dollar_checkoutcart.py
  - src/epilot/models/operations/dollar_searchcatalog.py
  - src/epilot/models/operations/dollar_createopportunity.py
  - src/epilot/models/components/order.py
  - src/epilot/models/components/totaldetails.py
  - src/epilot/models/components/taxamountbreakdown.py
  - src/epilot/models/components/taxbreakdowninfo.py
  - src/epilot/models/components/recurrenceamount.py
  - src/epilot/models/components/orderstatus.py
  - src/epilot/models/components/ordersource.py
  - src/epilot/models/components/entityrelation.py
  - src/epilot/models/components/paymentmethod.py
  - src/epilot/models/components/metadata.py
  - src/epilot/models/components/priceitems.py
  - src/epilot/models/components/priceitem.py
  - src/epilot/models/components/taxamount.py
  - src/epilot/models/components/tax.py
  - src/epilot/models/components/product.py
  - src/epilot/models/components/file.py
  - src/epilot/models/components/price.py
  - src/epilot/models/components/salestax.py
  - src/epilot/models/components/billingperiod.py
  - src/epilot/models/components/compositeprice.py
  - src/epilot/models/components/pricecomponentrelation.py
  - src/epilot/models/components/compositepriceitem.py
  - src/epilot/models/components/address.py
  - src/epilot/models/components/httpmetadata.py
  - src/epilot/models/components/orderpayload.py
  - src/epilot/models/components/priceitems_input.py
  - src/epilot/models/components/availabilityresult.py
  - src/epilot/models/components/availabilitycheckparams.py
  - src/epilot/models/components/availabilityfilters.py
  - src/epilot/models/components/availabilitylocation.py
  - src/epilot/models/components/checkoutcartresult.py
  - src/epilot/models/components/checkoutcart.py
  - src/epilot/models/components/checkoutmode.py
  - src/epilot/models/components/cartdto.py
  - src/epilot/models/components/priceitemsdto.py
  - src/epilot/models/components/priceitemdto.py
  - src/epilot/models/components/customer.py
  - src/epilot/models/components/catalogsearchresult.py
  - src/epilot/models/components/catalogsearch.py
  - src/epilot/models/components/opportunity.py
  - src/epilot/models/components/opportunitysource.py
  - src/epilot/models/components/orderrelation.py
  - src/epilot/models/components/security.py
  - src/epilot/models/errors/error.py
  - src/epilot/models/__init__.py
  - src/epilot/models/errors/__init__.py
  - src/epilot/models/operations/__init__.py
  - src/epilot/models/components/__init__.py
  - docs/models/operations/createorderresponse.md
  - docs/models/operations/putorderrequest.md
  - docs/models/operations/putorderresponse.md
  - docs/models/operations/dollaravailabilitycheckrequest.md
  - docs/models/operations/dollaravailabilitycheckresponse.md
  - docs/models/operations/dollarcheckoutcartrequest.md
  - docs/models/operations/dollarcheckoutcartresponse.md
  - docs/models/operations/dollarsearchcatalogrequest.md
  - docs/models/operations/dollarsearchcatalogresponse.md
  - docs/models/operations/dollarcreateopportunityrequest.md
  - docs/models/operations/dollarcreateopportunityresponse.md
  - docs/models/components/ordercustomer.md
  - docs/models/components/prices.md
  - docs/models/components/products.md
  - docs/models/components/order.md
  - docs/models/components/totaldetailsrecurrences.md
  - docs/models/components/totaldetailstaxes.md
  - docs/models/components/breakdown.md
  - docs/models/components/totaldetails.md
  - docs/models/components/taxamountbreakdown.md
  - docs/models/components/taxbreakdowninfotype.md
  - docs/models/components/taxbreakdowninfo.md
  - docs/models/components/recurrenceamount.md
  - docs/models/components/orderstatus.md
  - docs/models/components/ordersource.md
  - docs/models/components/entityrelation.md
  - docs/models/components/paymentmethod.md
  - docs/models/components/one.md
  - docs/models/components/metadata.md
  - docs/models/components/priceitems.md
  - docs/models/components/priceitemprice.md
  - docs/models/components/priceitemrecurrences.md
  - docs/models/components/priceitemtaxes.md
  - docs/models/components/priceitemtype.md
  - docs/models/components/priceitem.md
  - docs/models/components/taxamounttax.md
  - docs/models/components/taxamount.md
  - docs/models/components/behavior.md
  - docs/models/components/taxtype.md
  - docs/models/components/tax.md
  - docs/models/components/crosssellableproducts.md
  - docs/models/components/feature.md
  - docs/models/components/priceoptions.md
  - docs/models/components/productdownloads.md
  - docs/models/components/productimages.md
  - docs/models/components/producttype.md
  - docs/models/components/product.md
  - docs/models/components/s3ref.md
  - docs/models/components/versions.md
  - docs/models/components/file.md
  - docs/models/components/billingdurationunit.md
  - docs/models/components/pricebillingperiod.md
  - docs/models/components/billingscheme.md
  - docs/models/components/noticetimeunit.md
  - docs/models/components/pricedisplayinjourneys.md
  - docs/models/components/renewaldurationunit.md
  - docs/models/components/pricesalestax.md
  - docs/models/components/price1.md
  - docs/models/components/pricetax.md
  - docs/models/components/taxbehavior.md
  - docs/models/components/terminationtimeunit.md
  - docs/models/components/tiersmode.md
  - docs/models/components/type.md
  - docs/models/components/priceschemas1.md
  - docs/models/components/unit.md
  - docs/models/components/price.md
  - docs/models/components/salestax.md
  - docs/models/components/billingperiod.md
  - docs/models/components/two.md
  - docs/models/components/pricecomponents.md
  - docs/models/components/compositeprice.md
  - docs/models/components/pricecomponentrelation.md
  - docs/models/components/compositepriceitemprice.md
  - docs/models/components/recurrences.md
  - docs/models/components/taxes.md
  - docs/models/components/compositepriceitem.md
  - docs/models/components/address.md
  - docs/models/components/httpmetadata.md
  - docs/models/components/orderpayload.md
  - docs/models/components/priceitemsinput.md
  - docs/models/components/priceiteminput.md
  - docs/models/components/compositepriceiteminput.md
  - docs/models/components/checkresults.md
  - docs/models/components/availabilityresult.md
  - docs/models/components/availabilitycheckparams.md
  - docs/models/components/availabilityfilters.md
  - docs/models/components/availabilitylocation.md
  - docs/models/components/checkoutcartresult.md
  - docs/models/components/cart.md
  - docs/models/components/checkoutcart.md
  - docs/models/components/checkoutmode.md
  - docs/models/components/cartdto.md
  - docs/models/components/priceitemsdto.md
  - docs/models/components/priceitemdtotype.md
  - docs/models/components/priceitemdto.md
  - docs/models/components/productinput.md
  - docs/models/components/customer.md
  - docs/models/components/results.md
  - docs/models/components/catalogsearchresult.md
  - docs/models/components/catalogsearch.md
  - docs/models/components/opportunityschemas1.md
  - docs/models/components/dollarrelationref.md
  - docs/models/components/opportunityaddress.md
  - docs/models/components/emailnotificationsettings.md
  - docs/models/components/assignee.md
  - docs/models/components/opportunityschemasbillingaddress1.md
  - docs/models/components/opportunitydollarrelationref.md
  - docs/models/components/billingaddress.md
  - docs/models/components/opportunitycustomer.md
  - docs/models/components/opportunity1.md
  - docs/models/components/dates.md
  - docs/models/components/opportunityschemasdeliveryaddress1.md
  - docs/models/components/opportunityschemasdollarrelationref.md
  - docs/models/components/deliveryaddress.md
  - docs/models/components/items.md
  - docs/models/components/opportunity.md
  - docs/models/components/opportunitysource.md
  - docs/models/components/orderrelation.md
  - docs/models/components/opportunityinput.md
  - docs/models/components/security.md
  - docs/models/errors/error.md
  - docs/sdks/epilot/README.md
  - docs/sdks/orderapi/README.md
  - docs/sdks/availabilityapi/README.md
  - docs/sdks/cartapi/README.md
  - docs/sdks/catalogapi/README.md
  - docs/sdks/deprecated/README.md
  - USAGE.md
  - .gitattributes
  - src/epilot/_hooks/sdkhooks.py
  - src/epilot/_hooks/types.py
  - src/epilot/_hooks/__init__.py
  - CONTRIBUTING.md
