lockVersion: 2.0.0
id: 05558e61-9d4c-4c49-92eb-67c6a23fbbe1
management:
  docChecksum: e9f8197cf98e2d6700f05b16f30fb405
  docVersion: 1.0.0
  speakeasyVersion: 1.357.3
  generationVersion: 2.390.0
  releaseVersion: 1.2.0
  configChecksum: 6d5eab9773c55239001c73beeb5c563f
  repoURL: https://github.com/epilot-dev/sdk-python.git
  repoSubDirectory: pricing
  installationURL: https://github.com/epilot-dev/sdk-python.git#subdirectory=pricing
features:
  python:
    additionalDependencies: 1.0.0
    additionalProperties: 1.0.0
    constsAndDefaults: 1.0.2
    core: 5.3.5
    defaultEnabledRetries: 0.2.0
    deprecations: 3.0.0
    envVarSecurityUsage: 0.3.1
    flattening: 3.0.0
    globalSecurity: 3.0.2
    globalSecurityCallbacks: 1.0.0
    globalSecurityFlattening: 1.0.0
    globalServerURLs: 3.0.0
    inputOutputModels: 3.0.0
    methodSecurity: 3.0.0
    nullables: 1.0.0
    responseFormat: 1.0.0
    retries: 3.0.0
    sdkHooks: 1.0.0
    unions: 3.0.1
generatedFiles:
  - src/epilot_pricing/sdkconfiguration.py
  - src/epilot_pricing/catalog_api.py
  - src/epilot_pricing/external_integrations_api.py
  - src/epilot_pricing/order_api.py
  - src/epilot_pricing/availability_api.py
  - src/epilot_pricing/cart_api.py
  - src/epilot_pricing/sdk.py
  - .vscode/settings.json
  - poetry.toml
  - py.typed
  - pylintrc
  - pyproject.toml
  - scripts/compile.sh
  - scripts/publish.sh
  - src/epilot_pricing/__init__.py
  - src/epilot_pricing/basesdk.py
  - src/epilot_pricing/httpclient.py
  - src/epilot_pricing/py.typed
  - src/epilot_pricing/types/__init__.py
  - src/epilot_pricing/types/basemodel.py
  - src/epilot_pricing/utils/__init__.py
  - src/epilot_pricing/utils/annotations.py
  - src/epilot_pricing/utils/enums.py
  - src/epilot_pricing/utils/eventstreaming.py
  - src/epilot_pricing/utils/forms.py
  - src/epilot_pricing/utils/headers.py
  - src/epilot_pricing/utils/logger.py
  - src/epilot_pricing/utils/metadata.py
  - src/epilot_pricing/utils/queryparams.py
  - src/epilot_pricing/utils/requestbodies.py
  - src/epilot_pricing/utils/retries.py
  - src/epilot_pricing/utils/security.py
  - src/epilot_pricing/utils/serializers.py
  - src/epilot_pricing/utils/url.py
  - src/epilot_pricing/utils/values.py
  - src/epilot_pricing/models/sdkerror.py
  - src/epilot_pricing/models/catalogsearchresult.py
  - src/epilot_pricing/models/product.py
  - src/epilot_pricing/models/entityrelation.py
  - src/epilot_pricing/models/file.py
  - src/epilot_pricing/models/price.py
  - src/epilot_pricing/models/pricetier.py
  - src/epilot_pricing/models/pricetierdisplaymode.py
  - src/epilot_pricing/models/tax.py
  - src/epilot_pricing/models/salestax.py
  - src/epilot_pricing/models/pricegetag.py
  - src/epilot_pricing/models/typegetag.py
  - src/epilot_pricing/models/tarifftypegetag.py
  - src/epilot_pricing/models/powermetertype.py
  - src/epilot_pricing/models/markuppricingmodel.py
  - src/epilot_pricing/models/consumptiontypegetag.py
  - src/epilot_pricing/models/gasconcessiontype.py
  - src/epilot_pricing/models/productcategory.py
  - src/epilot_pricing/models/billingperiod.py
  - src/epilot_pricing/models/error.py
  - src/epilot_pricing/models/catalogsearch.py
  - src/epilot_pricing/models/availabilityfilters.py
  - src/epilot_pricing/models/availabilitylocation.py
  - src/epilot_pricing/models/dollar_searchcatalogop.py
  - src/epilot_pricing/models/computepriceresult.py
  - src/epilot_pricing/models/computedpricebreakdown.py
  - src/epilot_pricing/models/computedbaseprice.py
  - src/epilot_pricing/models/signaturemeta.py
  - src/epilot_pricing/models/dollar_computepriceop.py
  - src/epilot_pricing/models/integrationid.py
  - src/epilot_pricing/models/computepriceparams.py
  - src/epilot_pricing/models/computepriceparamspower.py
  - src/epilot_pricing/models/computepriceparamsgas.py
  - src/epilot_pricing/models/dollar_deletecredentialsop.py
  - src/epilot_pricing/models/integrationcredentialsresult.py
  - src/epilot_pricing/models/dollar_getcredentialsop.py
  - src/epilot_pricing/models/dollar_savecredentialsop.py
  - src/epilot_pricing/models/saveintegrationcredentialsparams.py
  - src/epilot_pricing/models/provider.py
  - src/epilot_pricing/models/dollar_searchprovidersop.py
  - src/epilot_pricing/models/searchprovidersparams.py
  - src/epilot_pricing/models/street.py
  - src/epilot_pricing/models/dollar_searchstreetsop.py
  - src/epilot_pricing/models/searchstreetsparams.py
  - src/epilot_pricing/models/pricingdetailsresponse.py
  - src/epilot_pricing/models/totaldetails.py
  - src/epilot_pricing/models/taxamountbreakdown.py
  - src/epilot_pricing/models/taxbreakdowninfo.py
  - src/epilot_pricing/models/recurrenceamountwithtax.py
  - src/epilot_pricing/models/recurrenceamount.py
  - src/epilot_pricing/models/priceitem.py
  - src/epilot_pricing/models/tierdetails.py
  - src/epilot_pricing/models/taxamount.py
  - src/epilot_pricing/models/pricingmodel.py
  - src/epilot_pricing/models/priceinputmapping.py
  - src/epilot_pricing/models/metadata.py
  - src/epilot_pricing/models/compositeprice.py
  - src/epilot_pricing/models/pricecomponentrelation.py
  - src/epilot_pricing/models/compositepriceitem.py
  - src/epilot_pricing/models/dollar_calculatepricingdetailsop.py
  - src/epilot_pricing/models/priceitemsdto.py
  - src/epilot_pricing/models/priceitemdto.py
  - src/epilot_pricing/models/externalfeemetadata.py
  - src/epilot_pricing/models/externalfeemapping.py
  - src/epilot_pricing/models/compositepriceitemdto.py
  - src/epilot_pricing/models/order.py
  - src/epilot_pricing/models/orderstatus.py
  - src/epilot_pricing/models/ordersource.py
  - src/epilot_pricing/models/paymentmethod.py
  - src/epilot_pricing/models/priceitems.py
  - src/epilot_pricing/models/address.py
  - src/epilot_pricing/models/orderpayload.py
  - src/epilot_pricing/models/putorderop.py
  - src/epilot_pricing/models/availabilityresult.py
  - src/epilot_pricing/models/dollar_availabilitycheckop.py
  - src/epilot_pricing/models/availabilitycheckparams.py
  - src/epilot_pricing/models/validateavailabilityfileresult.py
  - src/epilot_pricing/models/validateavailabilityfileerror.py
  - src/epilot_pricing/models/dollar_validateavailabilityfileop.py
  - src/epilot_pricing/models/checkoutcartresult.py
  - src/epilot_pricing/models/dollar_checkoutcartop.py
  - src/epilot_pricing/models/checkoutcart.py
  - src/epilot_pricing/models/checkoutmode.py
  - src/epilot_pricing/models/cartdto.py
  - src/epilot_pricing/models/customer.py
  - src/epilot_pricing/models/security.py
  - src/epilot_pricing/models/__init__.py
  - docs/models/results.md
  - docs/models/catalogsearchresult.md
  - docs/models/crosssellableproducts.md
  - docs/models/feature.md
  - docs/models/priceoptions.md
  - docs/models/productdownloads.md
  - docs/models/productimages.md
  - docs/models/producttype.md
  - docs/models/product.md
  - docs/models/entityrelation.md
  - docs/models/s3ref.md
  - docs/models/versions.md
  - docs/models/file.md
  - docs/models/billingdurationunit.md
  - docs/models/pricebillingperiod.md
  - docs/models/noticetimeunit.md
  - docs/models/pricedisplayinjourneys.md
  - docs/models/pricepricingmodel.md
  - docs/models/renewaldurationunit.md
  - docs/models/pricesalestax.md
  - docs/models/price1.md
  - docs/models/pricetax.md
  - docs/models/terminationtimeunit.md
  - docs/models/pricetype.md
  - docs/models/priceschemas1.md
  - docs/models/unit.md
  - docs/models/price.md
  - docs/models/pricetier.md
  - docs/models/pricetierdisplaymode.md
  - docs/models/taxtype.md
  - docs/models/tax.md
  - docs/models/salestax.md
  - docs/models/concessiontype.md
  - docs/models/metertype.md
  - docs/models/pricegetag.md
  - docs/models/typegetag.md
  - docs/models/tarifftypegetag.md
  - docs/models/powermetertype.md
  - docs/models/markuppricingmodel.md
  - docs/models/consumptiontypegetag.md
  - docs/models/gasconcessiontype.md
  - docs/models/productcategory.md
  - docs/models/billingperiod.md
  - docs/models/error.md
  - docs/models/catalogsearch.md
  - docs/models/availabilityfilters.md
  - docs/models/availabilitylocation.md
  - docs/models/dollarsearchcatalogsecurity.md
  - docs/models/dollarsearchcatalogrequest.md
  - docs/models/computepriceresultbillingperiod.md
  - docs/models/computepriceresult.md
  - docs/models/computedpricebreakdown.md
  - docs/models/computedbaseprice.md
  - docs/models/signaturemeta.md
  - docs/models/dollarcomputepricesecurity.md
  - docs/models/dollarcomputepricerequest.md
  - docs/models/integrationid.md
  - docs/models/computepriceparams.md
  - docs/models/computepriceparamspowerbillingperiod.md
  - docs/models/computepriceparamspowerconsumptiontype.md
  - docs/models/computepriceparamspowertype.md
  - docs/models/computepriceparamspower.md
  - docs/models/computepriceparamsgasbillingperiod.md
  - docs/models/consumptiontype.md
  - docs/models/type.md
  - docs/models/computepriceparamsgas.md
  - docs/models/dollardeletecredentialsrequest.md
  - docs/models/integrationcredentialsresult.md
  - docs/models/dollargetcredentialsrequest.md
  - docs/models/dollarsavecredentialsrequest.md
  - docs/models/saveintegrationcredentialsparams.md
  - docs/models/provider.md
  - docs/models/dollarsearchproviderssecurity.md
  - docs/models/dollarsearchprovidersrequest.md
  - docs/models/searchprovidersparamstype.md
  - docs/models/searchprovidersparams.md
  - docs/models/street.md
  - docs/models/dollarsearchstreetssecurity.md
  - docs/models/dollarsearchstreetsrequest.md
  - docs/models/searchstreetsparams.md
  - docs/models/items.md
  - docs/models/pricingdetailsresponse.md
  - docs/models/totaldetailsrecurrences.md
  - docs/models/recurrencesbytax.md
  - docs/models/totaldetailstaxes.md
  - docs/models/breakdown.md
  - docs/models/totaldetails.md
  - docs/models/taxamountbreakdown.md
  - docs/models/taxbreakdowninfotype.md
  - docs/models/taxbreakdowninfo.md
  - docs/models/recurrenceamountwithtaxbillingperiod.md
  - docs/models/recurrenceamountwithtaxtax.md
  - docs/models/recurrenceamountwithtax.md
  - docs/models/recurrenceamountbillingperiod.md
  - docs/models/recurrenceamount.md
  - docs/models/priceitemprice.md
  - docs/models/priceitembillingperiod.md
  - docs/models/priceitemrecurrences.md
  - docs/models/priceitemtaxes.md
  - docs/models/priceitemtype.md
  - docs/models/priceitem.md
  - docs/models/tierdetails.md
  - docs/models/taxamounttax.md
  - docs/models/taxamount.md
  - docs/models/pricingmodel.md
  - docs/models/priceinputmappingfrequencyunit.md
  - docs/models/priceinputmapping.md
  - docs/models/one.md
  - docs/models/metadata.md
  - docs/models/two.md
  - docs/models/pricecomponents.md
  - docs/models/compositeprice.md
  - docs/models/pricecomponentrelation.md
  - docs/models/compositepriceitemprice.md
  - docs/models/recurrences.md
  - docs/models/taxes.md
  - docs/models/compositepriceitem.md
  - docs/models/dollarcalculatepricingdetailsrequestbody.md
  - docs/models/priceitemsdto.md
  - docs/models/priceitemdtobillingperiod.md
  - docs/models/priceitemdtopricingmodel.md
  - docs/models/priceitemdtotype.md
  - docs/models/priceitemdto.md
  - docs/models/externalfeemetadatabillingperiod.md
  - docs/models/externalfeemetadata.md
  - docs/models/frequencyunit.md
  - docs/models/externalfeemapping.md
  - docs/models/productinput.md
  - docs/models/compositepriceitemdto.md
  - docs/models/ordercustomer.md
  - docs/models/prices.md
  - docs/models/products.md
  - docs/models/order.md
  - docs/models/orderstatus.md
  - docs/models/ordersource.md
  - docs/models/paymentmethod.md
  - docs/models/priceitems.md
  - docs/models/address.md
  - docs/models/orderpayload.md
  - docs/models/putorderrequest.md
  - docs/models/checkresults.md
  - docs/models/availabilityresult.md
  - docs/models/dollaravailabilitychecksecurity.md
  - docs/models/dollaravailabilitycheckrequest.md
  - docs/models/availabilitycheckparams.md
  - docs/models/status.md
  - docs/models/validateavailabilityfileresult.md
  - docs/models/validateavailabilityfileerror.md
  - docs/models/dollarvalidateavailabilityfilerequest.md
  - docs/models/checkoutcartresult.md
  - docs/models/dollarcheckoutcartsecurity.md
  - docs/models/dollarcheckoutcartrequest.md
  - docs/models/cart.md
  - docs/models/checkoutcart.md
  - docs/models/checkoutmode.md
  - docs/models/cartdto.md
  - docs/models/customer.md
  - docs/models/security.md
  - docs/sdks/epilot/README.md
  - docs/models/utils/retryconfig.md
  - docs/sdks/catalogapi/README.md
  - docs/sdks/externalintegrationsapi/README.md
  - docs/sdks/orderapi/README.md
  - docs/sdks/availabilityapi/README.md
  - docs/sdks/cartapi/README.md
  - USAGE.md
  - .gitattributes
  - src/epilot_pricing/_hooks/sdkhooks.py
  - src/epilot_pricing/_hooks/types.py
  - src/epilot_pricing/_hooks/__init__.py
  - CONTRIBUTING.md
