lockVersion: 2.0.0
id: 3d738cd7-03a0-46f5-992d-6acd4e92ed54
management:
  docChecksum: 2fac19238e00b6d57ecc8ccc890138c7
  docVersion: 0.1.0
  speakeasyVersion: 1.355.0
  generationVersion: 2.387.0
  releaseVersion: 1.3.0
  configChecksum: 4f130efc1e80fd20429bf514c1f54303
  repoURL: https://github.com/epilot-dev/sdk-python.git
  repoSubDirectory: file
  installationURL: https://github.com/epilot-dev/sdk-python.git#subdirectory=file
features:
  python:
    additionalDependencies: 1.0.0
    additionalProperties: 1.0.0
    constsAndDefaults: 1.0.2
    core: 5.3.4
    defaultEnabledRetries: 0.2.0
    envVarSecurityUsage: 0.3.1
    flattening: 3.0.0
    globalSecurity: 3.0.1
    globalSecurityCallbacks: 1.0.0
    globalServerURLs: 3.0.0
    responseFormat: 1.0.0
    retries: 3.0.0
    sdkHooks: 1.0.0
    unions: 3.0.1
generatedFiles:
  - src/epilot_file/sdkconfiguration.py
  - src/epilot_file/files.py
  - src/epilot_file/session.py
  - src/epilot_file/sdk.py
  - .vscode/settings.json
  - poetry.toml
  - py.typed
  - pylintrc
  - pyproject.toml
  - scripts/compile.sh
  - scripts/publish.sh
  - src/epilot_file/__init__.py
  - src/epilot_file/basesdk.py
  - src/epilot_file/httpclient.py
  - src/epilot_file/py.typed
  - src/epilot_file/types/__init__.py
  - src/epilot_file/types/basemodel.py
  - src/epilot_file/utils/__init__.py
  - src/epilot_file/utils/annotations.py
  - src/epilot_file/utils/enums.py
  - src/epilot_file/utils/eventstreaming.py
  - src/epilot_file/utils/forms.py
  - src/epilot_file/utils/headers.py
  - src/epilot_file/utils/logger.py
  - src/epilot_file/utils/metadata.py
  - src/epilot_file/utils/queryparams.py
  - src/epilot_file/utils/requestbodies.py
  - src/epilot_file/utils/retries.py
  - src/epilot_file/utils/security.py
  - src/epilot_file/utils/serializers.py
  - src/epilot_file/utils/url.py
  - src/epilot_file/utils/values.py
  - src/epilot_file/models/sdkerror.py
  - src/epilot_file/models/accesspubliclinkop.py
  - src/epilot_file/models/deletefilepayload.py
  - src/epilot_file/models/s3reference.py
  - src/epilot_file/models/downloadfileop.py
  - src/epilot_file/models/downloadfilesop.py
  - src/epilot_file/models/downloadfilespayload.py
  - src/epilot_file/models/downloads3fileop.py
  - src/epilot_file/models/generatepubliclinkop.py
  - src/epilot_file/models/getallpubliclinksforfileop.py
  - src/epilot_file/models/publiclink.py
  - src/epilot_file/models/previewfileop.py
  - src/epilot_file/models/previewpublicfileop.py
  - src/epilot_file/models/previews3fileop.py
  - src/epilot_file/models/previews3filegetop.py
  - src/epilot_file/models/revokepubliclinkop.py
  - src/epilot_file/models/fileentity.py
  - src/epilot_file/models/savefilepayload.py
  - src/epilot_file/models/saves3filepayload.py
  - src/epilot_file/models/filerelationitem.py
  - src/epilot_file/models/savecustomfilepayload.py
  - src/epilot_file/models/savefilepayloadv2.py
  - src/epilot_file/models/uploadfileop.py
  - src/epilot_file/models/uploadfilepayload.py
  - src/epilot_file/models/uploadfilepublicop.py
  - src/epilot_file/models/fileupload.py
  - src/epilot_file/models/uploadfilev2op.py
  - src/epilot_file/models/verifycustomdownloadurlop.py
  - src/epilot_file/models/verifycustomdownloadurlpayload.py
  - src/epilot_file/models/security.py
  - src/epilot_file/models/__init__.py
  - docs/models/accesspubliclinkrequest.md
  - docs/models/deletefilepayload.md
  - docs/models/s3reference.md
  - docs/models/downloadfilerequest.md
  - docs/models/downloadfileresponsebody.md
  - docs/models/responsebody.md
  - docs/models/downloadfilespayload.md
  - docs/models/downloads3filerequest.md
  - docs/models/downloads3fileresponsebody.md
  - docs/models/generatepubliclinkrequest.md
  - docs/models/getallpubliclinksforfilerequest.md
  - docs/models/getallpubliclinksforfileresponsebody.md
  - docs/models/publiclink.md
  - docs/models/previewfilerequest.md
  - docs/models/previewpublicfilerequest.md
  - docs/models/previews3filerequest.md
  - docs/models/previews3filegetrequest.md
  - docs/models/revokepubliclinkrequest.md
  - docs/models/accesscontrol.md
  - docs/models/type.md
  - docs/models/versions.md
  - docs/models/fileentity.md
  - docs/models/savefilepayload.md
  - docs/models/saves3filepayloadaccesscontrol.md
  - docs/models/saves3filepayloaddocumenttype.md
  - docs/models/saves3filepayload.md
  - docs/models/filerelationitem.md
  - docs/models/savecustomfilepayloadaccesscontrol.md
  - docs/models/documenttype.md
  - docs/models/savecustomfilepayload.md
  - docs/models/savefilepayloadv2accesscontrol.md
  - docs/models/savefilepayloadv2documenttype.md
  - docs/models/savefilepayloadv2s3ref.md
  - docs/models/savefilepayloadv2.md
  - docs/models/uploadfilerequest.md
  - docs/models/uploadfiles3ref.md
  - docs/models/uploadfileresponsebody.md
  - docs/models/uploadfilepayload.md
  - docs/models/uploadfilepublics3ref.md
  - docs/models/uploadfilepublicresponsebody.md
  - docs/models/s3ref.md
  - docs/models/fileupload.md
  - docs/models/uploadfilev2request.md
  - docs/models/verifycustomdownloadurlresponsebody.md
  - docs/models/verifycustomdownloadurlpayload.md
  - docs/models/security.md
  - docs/sdks/epilot/README.md
  - docs/models/utils/retryconfig.md
  - docs/sdks/files/README.md
  - docs/sdks/session/README.md
  - USAGE.md
  - .gitattributes
  - src/epilot_file/_hooks/sdkhooks.py
  - src/epilot_file/_hooks/types.py
  - src/epilot_file/_hooks/__init__.py
  - CONTRIBUTING.md
