lockVersion: 2.0.0
id: a7421760-30f5-4e43-987e-389538ab6a02
management:
  docChecksum: 8ab78139733454ac110d7127e39b7956
  docVersion: 0.1.0
  speakeasyVersion: internal
  generationVersion: 2.277.0
  releaseVersion: 5.1.1
  configChecksum: 20247b29f4449e32909d534c1b3efd30
  repoURL: https://github.com/epilot-dev/sdk-python.git
  repoSubDirectory: file
  installationURL: https://github.com/epilot-dev/sdk-python.git#subdirectory=file
features:
  python:
    additionalProperties: 0.1.0
    constsAndDefaults: 0.1.3
    core: 4.5.0
    flattening: 2.81.1
    globalSecurity: 2.83.4
    globalServerURLs: 2.82.1
    unions: 2.82.6
generatedFiles:
  - src/epilot/sdkconfiguration.py
  - src/epilot/files.py
  - src/epilot/session.py
  - src/epilot/sdk.py
  - pylintrc
  - setup.py
  - src/epilot/__init__.py
  - src/epilot/utils/__init__.py
  - src/epilot/utils/retries.py
  - src/epilot/utils/utils.py
  - src/epilot/models/errors/sdkerror.py
  - tests/helpers.py
  - src/epilot/models/operations/accesspubliclink.py
  - src/epilot/models/operations/deletefile.py
  - src/epilot/models/operations/downloadfile.py
  - src/epilot/models/operations/downloadfiles.py
  - src/epilot/models/operations/downloads3file.py
  - src/epilot/models/operations/generatepubliclink.py
  - src/epilot/models/operations/getallpubliclinksforfile.py
  - src/epilot/models/operations/previewfile.py
  - src/epilot/models/operations/previewpublicfile.py
  - src/epilot/models/operations/previews3file.py
  - src/epilot/models/operations/previews3fileget.py
  - src/epilot/models/operations/revokepubliclink.py
  - src/epilot/models/operations/savefile.py
  - src/epilot/models/operations/savefilev2.py
  - src/epilot/models/operations/uploadfile.py
  - src/epilot/models/operations/uploadfilepublic.py
  - src/epilot/models/operations/uploadfilev2.py
  - src/epilot/models/operations/verifycustomdownloadurl.py
  - src/epilot/models/operations/deletesession.py
  - src/epilot/models/operations/getsession.py
  - src/epilot/models/shared/deletefilepayload.py
  - src/epilot/models/shared/s3reference.py
  - src/epilot/models/shared/downloadfilespayload.py
  - src/epilot/models/shared/publiclink.py
  - src/epilot/models/shared/fileentity.py
  - src/epilot/models/shared/saves3filepayload.py
  - src/epilot/models/shared/filerelationitem.py
  - src/epilot/models/shared/savecustomfilepayload.py
  - src/epilot/models/shared/savefilepayloadv2.py
  - src/epilot/models/shared/uploadfilepayload.py
  - src/epilot/models/shared/fileupload.py
  - src/epilot/models/shared/verifycustomdownloadurlpayload.py
  - src/epilot/models/shared/security.py
  - src/epilot/models/__init__.py
  - src/epilot/models/errors/__init__.py
  - src/epilot/models/operations/__init__.py
  - src/epilot/models/shared/__init__.py
  - docs/models/operations/accesspubliclinkrequest.md
  - docs/models/operations/accesspubliclinkresponse.md
  - docs/models/operations/deletefileresponse.md
  - docs/models/operations/downloadfilerequest.md
  - docs/models/operations/downloadfileresponsebody.md
  - docs/models/operations/downloadfileresponse.md
  - docs/models/operations/responsebody.md
  - docs/models/operations/downloadfilesresponse.md
  - docs/models/operations/downloads3filerequest.md
  - docs/models/operations/downloads3fileresponsebody.md
  - docs/models/operations/downloads3fileresponse.md
  - docs/models/operations/generatepubliclinkrequest.md
  - docs/models/operations/generatepubliclinkresponse.md
  - docs/models/operations/getallpubliclinksforfilerequest.md
  - docs/models/operations/getallpubliclinksforfileresponsebody.md
  - docs/models/operations/getallpubliclinksforfileresponse.md
  - docs/models/operations/previewfilerequest.md
  - docs/models/operations/previewfileresponse.md
  - docs/models/operations/previewpublicfilerequest.md
  - docs/models/operations/previewpublicfileresponse.md
  - docs/models/operations/previews3filerequest.md
  - docs/models/operations/previews3fileresponse.md
  - docs/models/operations/previews3filegetrequest.md
  - docs/models/operations/previews3filegetresponse.md
  - docs/models/operations/revokepubliclinkrequest.md
  - docs/models/operations/revokepubliclinkresponse.md
  - docs/models/operations/savefileresponse.md
  - docs/models/operations/savefilev2response.md
  - docs/models/operations/uploadfilerequest.md
  - docs/models/operations/s3ref.md
  - docs/models/operations/uploadfileresponsebody.md
  - docs/models/operations/uploadfileresponse.md
  - docs/models/operations/uploadfilepublics3ref.md
  - docs/models/operations/uploadfilepublicresponsebody.md
  - docs/models/operations/uploadfilepublicresponse.md
  - docs/models/operations/uploadfilev2request.md
  - docs/models/operations/uploadfilev2response.md
  - docs/models/operations/verifycustomdownloadurlresponsebody.md
  - docs/models/operations/verifycustomdownloadurlresponse.md
  - docs/models/operations/deletesessionresponse.md
  - docs/models/operations/getsessionresponse.md
  - docs/models/shared/deletefilepayload.md
  - docs/models/shared/s3reference.md
  - docs/models/shared/downloadfilespayload.md
  - docs/models/shared/publiclink.md
  - docs/models/shared/accesscontrol.md
  - docs/models/shared/type.md
  - docs/models/shared/versions.md
  - docs/models/shared/fileentity.md
  - docs/models/shared/savefilepayload.md
  - docs/models/shared/saves3filepayloadaccesscontrol.md
  - docs/models/shared/saves3filepayloaddocumenttype.md
  - docs/models/shared/saves3filepayload.md
  - docs/models/shared/filerelationitem.md
  - docs/models/shared/savecustomfilepayloadaccesscontrol.md
  - docs/models/shared/documenttype.md
  - docs/models/shared/savecustomfilepayload.md
  - docs/models/shared/savefilepayloadv2accesscontrol.md
  - docs/models/shared/savefilepayloadv2documenttype.md
  - docs/models/shared/savefilepayloadv2s3ref.md
  - docs/models/shared/savefilepayloadv2.md
  - docs/models/shared/uploadfilepayload.md
  - docs/models/shared/s3ref.md
  - docs/models/shared/fileupload.md
  - docs/models/shared/verifycustomdownloadurlpayload.md
  - docs/models/shared/security.md
  - docs/sdks/epilot/README.md
  - docs/sdks/files/README.md
  - docs/sdks/session/README.md
  - USAGE.md
  - .gitattributes
  - src/epilot/_hooks/sdkhooks.py
  - src/epilot/_hooks/types.py
  - src/epilot/_hooks/__init__.py
