lockVersion: 2.0.0
id: 2a2e8491-f418-443e-87c8-f3348536a5ca
management:
  docChecksum: 0b4facb2e475353b2be77345cb758d52
  docVersion: 1.0.0
  speakeasyVersion: internal
  generationVersion: 2.237.2
  releaseVersion: 2.2.5
  configChecksum: f03f8e98332a48044e43d5ae6c03e63a
  repoURL: https://github.com/epilot-dev/sdk-python.git
  repoSubDirectory: workflows_execution
  installationURL: https://github.com/epilot-dev/sdk-python.git#subdirectory=workflows_execution
features:
  python:
    constsAndDefaults: 0.1.2
    core: 4.4.2
    deprecations: 2.81.1
    flattening: 2.81.1
    globalSecurity: 2.83.2
    globalServerURLs: 2.82.1
    unions: 2.82.5
generatedFiles:
  - src/epilot/sdkconfiguration.py
  - src/epilot/workflows.py
  - src/epilot/sdk.py
  - pylintrc
  - setup.py
  - src/epilot/__init__.py
  - src/epilot/utils/__init__.py
  - src/epilot/utils/retries.py
  - src/epilot/utils/utils.py
  - src/epilot/models/errors/sdkerror.py
  - tests/helpers.py
  - src/epilot/models/operations/createexecution.py
  - src/epilot/models/operations/createstep.py
  - src/epilot/models/operations/deleteexecution.py
  - src/epilot/models/operations/deletestep.py
  - src/epilot/models/operations/getclosingreasonexecution.py
  - src/epilot/models/operations/getexecution.py
  - src/epilot/models/operations/getexecutions.py
  - src/epilot/models/operations/searchexecutions.py
  - src/epilot/models/operations/searchsteps.py
  - src/epilot/models/operations/updateexecution.py
  - src/epilot/models/operations/updatestep.py
  - src/epilot/models/shared/workflowexecution.py
  - src/epilot/models/shared/updateentityattributes.py
  - src/epilot/models/shared/triggertype.py
  - src/epilot/models/shared/workflowstatus.py
  - src/epilot/models/shared/closingreason.py
  - src/epilot/models/shared/stepid.py
  - src/epilot/models/shared/section.py
  - src/epilot/models/shared/itemtype.py
  - src/epilot/models/shared/step.py
  - src/epilot/models/shared/stepstatus.py
  - src/epilot/models/shared/steprequirement.py
  - src/epilot/models/shared/stepjourney.py
  - src/epilot/models/shared/ecpdetails.py
  - src/epilot/models/shared/steptype.py
  - src/epilot/models/shared/dynamicduedate.py
  - src/epilot/models/shared/stepdescription.py
  - src/epilot/models/shared/automationconfig.py
  - src/epilot/models/shared/sectionstatus.py
  - src/epilot/models/shared/workflowcontext.py
  - src/epilot/models/shared/workflowexecutioncreatereq.py
  - src/epilot/models/shared/createstepreq.py
  - src/epilot/models/shared/closingreasonresp.py
  - src/epilot/models/shared/workflowexecutionslim.py
  - src/epilot/models/shared/sectionsimplified.py
  - src/epilot/models/shared/stepsimplified.py
  - src/epilot/models/shared/searchexecutionsresp.py
  - src/epilot/models/shared/lastevaluatedkey.py
  - src/epilot/models/shared/searchexecutionsreq.py
  - src/epilot/models/shared/searchsorting.py
  - src/epilot/models/shared/executionpaginationdynamo.py
  - src/epilot/models/shared/searchstepsresp.py
  - src/epilot/models/shared/stepextended.py
  - src/epilot/models/shared/searchstepsreq.py
  - src/epilot/models/shared/searchpagination.py
  - src/epilot/models/shared/workflowexecutionupdatereq.py
  - src/epilot/models/shared/updatestepreq.py
  - src/epilot/models/shared/steppositionat.py
  - src/epilot/models/shared/security.py
  - src/epilot/models/errors/errorresp.py
  - src/epilot/models/__init__.py
  - src/epilot/models/errors/__init__.py
  - src/epilot/models/operations/__init__.py
  - src/epilot/models/shared/__init__.py
  - docs/models/operations/createexecutionresponse.md
  - docs/models/operations/createsteprequest.md
  - docs/models/operations/createstepresponse.md
  - docs/models/operations/deleteexecutionrequest.md
  - docs/models/operations/deleteexecutionresponse.md
  - docs/models/operations/deletesteprequest.md
  - docs/models/operations/deletestepresponse.md
  - docs/models/operations/getclosingreasonexecutionrequest.md
  - docs/models/operations/getclosingreasonexecutionresponse.md
  - docs/models/operations/getexecutionrequest.md
  - docs/models/operations/getexecutionresponse.md
  - docs/models/operations/getexecutionsrequest.md
  - docs/models/operations/getexecutionsresponse.md
  - docs/models/operations/searchexecutionsresponse.md
  - docs/models/operations/searchstepsresponse.md
  - docs/models/operations/updateexecutionrequest.md
  - docs/models/operations/updateexecutionresponse.md
  - docs/models/operations/updatesteprequest.md
  - docs/models/operations/updatestepresponse.md
  - docs/models/shared/flow.md
  - docs/models/shared/workflowexecution.md
  - docs/models/shared/source.md
  - docs/models/shared/target.md
  - docs/models/shared/updateentityattributes.md
  - docs/models/shared/triggertype.md
  - docs/models/shared/workflowstatus.md
  - docs/models/shared/closingreason.md
  - docs/models/shared/stepid.md
  - docs/models/shared/section.md
  - docs/models/shared/itemtype.md
  - docs/models/shared/step.md
  - docs/models/shared/stepstatus.md
  - docs/models/shared/condition.md
  - docs/models/shared/steprequirement.md
  - docs/models/shared/stepjourney.md
  - docs/models/shared/ecpdetails.md
  - docs/models/shared/steptype.md
  - docs/models/shared/actiontypecondition.md
  - docs/models/shared/timeperiod.md
  - docs/models/shared/dynamicduedate.md
  - docs/models/shared/stepdescription.md
  - docs/models/shared/automationconfig.md
  - docs/models/shared/sectionstatus.md
  - docs/models/shared/workflowcontext.md
  - docs/models/shared/workflowexecutioncreatereq.md
  - docs/models/shared/createstepreq.md
  - docs/models/shared/closingreasonresp.md
  - docs/models/shared/workflowexecutionslimflow.md
  - docs/models/shared/workflowexecutionslim.md
  - docs/models/shared/sectionsimplified.md
  - docs/models/shared/stepsimplified.md
  - docs/models/shared/searchexecutionsresp.md
  - docs/models/shared/lastevaluatedkey.md
  - docs/models/shared/searchexecutionsreq.md
  - docs/models/shared/searchsorting.md
  - docs/models/shared/executionpaginationdynamo.md
  - docs/models/shared/searchstepsresp.md
  - docs/models/shared/stepextended.md
  - docs/models/shared/status.md
  - docs/models/shared/searchstepsreq.md
  - docs/models/shared/searchpagination.md
  - docs/models/shared/workflowexecutionupdatereq.md
  - docs/models/shared/updatestepreq.md
  - docs/models/shared/steppositionat.md
  - docs/models/shared/security.md
  - docs/models/errors/errorresp.md
  - docs/sdks/epilot/README.md
  - docs/sdks/workflows/README.md
  - USAGE.md
  - .gitattributes
