lockVersion: 2.0.0
id: 8727d4ad-f9cf-4aa1-993f-c90fc6591190
management:
  docChecksum: 8a2ff4be25db818a35891d602baa4a25
  docVersion: 1.0.0
  speakeasyVersion: 1.357.3
  generationVersion: 2.390.0
  releaseVersion: 1.3.0
  configChecksum: 799c82ebae524a77160bfaf6b9b97b7a
  repoURL: https://github.com/epilot-dev/sdk-python.git
  repoSubDirectory: workflows_definition
  installationURL: https://github.com/epilot-dev/sdk-python.git#subdirectory=workflows_definition
features:
  python:
    additionalDependencies: 1.0.0
    core: 5.3.5
    defaultEnabledRetries: 0.2.0
    deprecations: 3.0.0
    envVarSecurityUsage: 0.3.1
    flattening: 3.0.0
    globalSecurity: 3.0.2
    globalSecurityCallbacks: 1.0.0
    globalSecurityFlattening: 1.0.0
    globalServerURLs: 3.0.0
    responseFormat: 1.0.0
    retries: 3.0.0
    sdkHooks: 1.0.0
    unions: 3.0.1
generatedFiles:
  - src/openapi/sdkconfiguration.py
  - src/openapi/closing_reason_sdk.py
  - src/openapi/workflows.py
  - src/openapi/sdk.py
  - .vscode/settings.json
  - poetry.toml
  - py.typed
  - pylintrc
  - pyproject.toml
  - scripts/compile.sh
  - scripts/publish.sh
  - src/openapi/__init__.py
  - src/openapi/basesdk.py
  - src/openapi/httpclient.py
  - src/openapi/py.typed
  - src/openapi/types/__init__.py
  - src/openapi/types/basemodel.py
  - src/openapi/utils/__init__.py
  - src/openapi/utils/annotations.py
  - src/openapi/utils/enums.py
  - src/openapi/utils/eventstreaming.py
  - src/openapi/utils/forms.py
  - src/openapi/utils/headers.py
  - src/openapi/utils/logger.py
  - src/openapi/utils/metadata.py
  - src/openapi/utils/queryparams.py
  - src/openapi/utils/requestbodies.py
  - src/openapi/utils/retries.py
  - src/openapi/utils/security.py
  - src/openapi/utils/serializers.py
  - src/openapi/utils/url.py
  - src/openapi/utils/values.py
  - src/openapi/models/sdkerror.py
  - src/openapi/models/errorresp.py
  - src/openapi/models/changereasonstatusop.py
  - src/openapi/models/changereasonstatusreq.py
  - src/openapi/models/closingreasonsstatus.py
  - src/openapi/models/closingreason.py
  - src/openapi/models/closingreasons.py
  - src/openapi/models/getallclosingreasonsop.py
  - src/openapi/models/workflowdefinition.py
  - src/openapi/models/updateentityattributes.py
  - src/openapi/models/section.py
  - src/openapi/models/itemtype.py
  - src/openapi/models/step.py
  - src/openapi/models/steprequirement.py
  - src/openapi/models/stepjourney.py
  - src/openapi/models/ecpdetails.py
  - src/openapi/models/steptype.py
  - src/openapi/models/dynamicduedate.py
  - src/openapi/models/stepdescription.py
  - src/openapi/models/closingreasonid.py
  - src/openapi/models/deletedefinitionop.py
  - src/openapi/models/definitionnotfoundresp.py
  - src/openapi/models/getdefinitionop.py
  - src/openapi/models/maxallowedlimit.py
  - src/openapi/models/closingreasonsids.py
  - src/openapi/models/getworkflowclosingreasonsop.py
  - src/openapi/models/setworkflowclosingreasonsop.py
  - src/openapi/models/updatedefinitionop.py
  - src/openapi/models/security.py
  - src/openapi/models/__init__.py
  - docs/models/errorresp.md
  - docs/models/changereasonstatusrequest.md
  - docs/models/changereasonstatusreq.md
  - docs/models/closingreasonsstatus.md
  - docs/models/closingreason.md
  - docs/models/closingreasons.md
  - docs/models/getallclosingreasonsrequest.md
  - docs/models/flow.md
  - docs/models/workflowdefinition.md
  - docs/models/source.md
  - docs/models/target.md
  - docs/models/updateentityattributes.md
  - docs/models/section.md
  - docs/models/itemtype.md
  - docs/models/automationconfig.md
  - docs/models/step.md
  - docs/models/condition.md
  - docs/models/steprequirement.md
  - docs/models/stepjourney.md
  - docs/models/ecpdetails.md
  - docs/models/steptype.md
  - docs/models/actiontypecondition.md
  - docs/models/timeperiod.md
  - docs/models/dynamicduedate.md
  - docs/models/stepdescription.md
  - docs/models/closingreasonid.md
  - docs/models/deletedefinitionrequest.md
  - docs/models/definitionnotfoundresp.md
  - docs/models/getdefinitionrequest.md
  - docs/models/maxallowedlimit.md
  - docs/models/closingreasonsids.md
  - docs/models/getworkflowclosingreasonsrequest.md
  - docs/models/setworkflowclosingreasonsrequest.md
  - docs/models/updatedefinitionrequest.md
  - docs/models/security.md
  - docs/sdks/sdk/README.md
  - docs/models/utils/retryconfig.md
  - docs/sdks/closingreasonsdk/README.md
  - docs/sdks/workflows/README.md
  - USAGE.md
  - .gitattributes
  - src/openapi/_hooks/sdkhooks.py
  - src/openapi/_hooks/types.py
  - src/openapi/_hooks/__init__.py
  - CONTRIBUTING.md
