lockVersion: 2.0.0
id: d0865bcb-bc70-4155-a639-c0c03097057c
management:
  docChecksum: 8a2ff4be25db818a35891d602baa4a25
  docVersion: 1.0.0
  speakeasyVersion: 1.345.1
  generationVersion: 2.378.1
  releaseVersion: 1.3.0
  configChecksum: 80a74c83b074e7ecfa493b870fd945ef
  repoURL: https://github.com/epilot-dev/sdk-python.git
  repoSubDirectory: workflows_definition
  installationURL: https://github.com/epilot-dev/sdk-python.git#subdirectory=workflows_definition
features:
  python:
    additionalDependencies: 0.1.0
    core: 4.8.2
    deprecations: 2.81.1
    flattening: 2.81.1
    globalSecurity: 2.83.5
    globalSecurityCallbacks: 0.1.0
    globalSecurityFlattening: 0.1.0
    globalServerURLs: 2.82.2
    responseFormat: 0.1.0
    sdkHooks: 0.1.0
    unions: 2.82.8
generatedFiles:
  - src/sdk/sdkconfiguration.py
  - src/sdk/closing_reason.py
  - src/sdk/workflows.py
  - src/sdk/sdk.py
  - py.typed
  - pylintrc
  - scripts/publish.sh
  - setup.py
  - src/sdk/__init__.py
  - src/sdk/utils/__init__.py
  - src/sdk/utils/retries.py
  - src/sdk/utils/utils.py
  - src/sdk/models/errors/sdkerror.py
  - src/sdk/models/operations/changereasonstatus.py
  - src/sdk/models/operations/createclosingreason.py
  - src/sdk/models/operations/getallclosingreasons.py
  - src/sdk/models/operations/createdefinition.py
  - src/sdk/models/operations/deletedefinition.py
  - src/sdk/models/operations/getdefinition.py
  - src/sdk/models/operations/getdefinitions.py
  - src/sdk/models/operations/getmaxallowedlimit.py
  - src/sdk/models/operations/getworkflowclosingreasons.py
  - src/sdk/models/operations/setworkflowclosingreasons.py
  - src/sdk/models/operations/updatedefinition.py
  - src/sdk/models/components/httpmetadata.py
  - src/sdk/models/components/changereasonstatusreq.py
  - src/sdk/models/components/closingreasonsstatus.py
  - src/sdk/models/components/closingreason.py
  - src/sdk/models/components/closingreasons.py
  - src/sdk/models/components/workflowdefinition.py
  - src/sdk/models/components/updateentityattributes.py
  - src/sdk/models/components/section.py
  - src/sdk/models/components/itemtype.py
  - src/sdk/models/components/step.py
  - src/sdk/models/components/steprequirement.py
  - src/sdk/models/components/stepjourney.py
  - src/sdk/models/components/ecpdetails.py
  - src/sdk/models/components/steptype.py
  - src/sdk/models/components/dynamicduedate.py
  - src/sdk/models/components/stepdescription.py
  - src/sdk/models/components/closingreasonid.py
  - src/sdk/models/components/maxallowedlimit.py
  - src/sdk/models/components/closingreasonsids.py
  - src/sdk/models/components/security.py
  - src/sdk/models/errors/errorresp.py
  - src/sdk/models/errors/definitionnotfoundresp.py
  - src/sdk/models/__init__.py
  - src/sdk/models/errors/__init__.py
  - src/sdk/models/operations/__init__.py
  - src/sdk/models/components/__init__.py
  - docs/models/operations/changereasonstatusrequest.md
  - docs/models/operations/changereasonstatusresponse.md
  - docs/models/operations/createclosingreasonresponse.md
  - docs/models/operations/getallclosingreasonsrequest.md
  - docs/models/operations/getallclosingreasonsresponse.md
  - docs/models/operations/createdefinitionresponse.md
  - docs/models/operations/deletedefinitionrequest.md
  - docs/models/operations/deletedefinitionresponse.md
  - docs/models/operations/getdefinitionrequest.md
  - docs/models/operations/getdefinitionresponse.md
  - docs/models/operations/getdefinitionsresponse.md
  - docs/models/operations/getmaxallowedlimitresponse.md
  - docs/models/operations/getworkflowclosingreasonsrequest.md
  - docs/models/operations/getworkflowclosingreasonsresponse.md
  - docs/models/operations/setworkflowclosingreasonsrequest.md
  - docs/models/operations/setworkflowclosingreasonsresponse.md
  - docs/models/operations/updatedefinitionrequest.md
  - docs/models/operations/updatedefinitionresponse.md
  - docs/models/components/httpmetadata.md
  - docs/models/components/changereasonstatusreq.md
  - docs/models/components/closingreasonsstatus.md
  - docs/models/components/closingreason.md
  - docs/models/components/closingreasons.md
  - docs/models/components/flow.md
  - docs/models/components/workflowdefinition.md
  - docs/models/components/source.md
  - docs/models/components/target.md
  - docs/models/components/updateentityattributes.md
  - docs/models/components/section.md
  - docs/models/components/itemtype.md
  - docs/models/components/automationconfig.md
  - docs/models/components/step.md
  - docs/models/components/condition.md
  - docs/models/components/steprequirement.md
  - docs/models/components/stepjourney.md
  - docs/models/components/ecpdetails.md
  - docs/models/components/steptype.md
  - docs/models/components/actiontypecondition.md
  - docs/models/components/timeperiod.md
  - docs/models/components/dynamicduedate.md
  - docs/models/components/stepdescription.md
  - docs/models/components/closingreasonid.md
  - docs/models/components/maxallowedlimit.md
  - docs/models/components/closingreasonsids.md
  - docs/models/components/security.md
  - docs/models/errors/errorresp.md
  - docs/models/errors/definitionnotfoundresp.md
  - docs/sdks/sdk/README.md
  - docs/sdks/closingreason/README.md
  - docs/sdks/workflows/README.md
  - USAGE.md
  - .gitattributes
  - src/sdk/_hooks/sdkhooks.py
  - src/sdk/_hooks/types.py
  - src/sdk/_hooks/__init__.py
  - CONTRIBUTING.md
