lockVersion: 2.0.0
id: 02056ef4-33bb-4494-9d26-5cec9ca37e38
management:
  docChecksum: 7e543f8c1ef63ee2d7305d3f3a8f80a4
  docVersion: 1.0.0
  speakeasyVersion: 1.449.0
  generationVersion: 2.467.4
  releaseVersion: 1.4.0
  configChecksum: 4c4d628a08669052c53a4ac33021cfdc
  repoURL: https://github.com/epilot-dev/sdk-python.git
  repoSubDirectory: document
  installationURL: https://github.com/epilot-dev/sdk-python.git#subdirectory=document
features:
  python:
    additionalDependencies: 1.0.0
    additionalProperties: 1.0.1
    constsAndDefaults: 1.0.5
    core: 5.6.8
    defaultEnabledRetries: 0.2.0
    enumUnions: 0.1.0
    envVarSecurityUsage: 0.3.2
    flattening: 3.1.0
    globalSecurity: 3.0.2
    globalSecurityCallbacks: 1.0.0
    globalSecurityFlattening: 1.0.0
    globalServerURLs: 3.0.0
    methodArguments: 1.0.2
    responseFormat: 1.0.1
    retries: 3.0.2
    sdkHooks: 1.0.0
    unions: 3.0.4
generatedFiles:
  - .gitattributes
  - .python-version
  - .vscode/settings.json
  - CONTRIBUTING.md
  - USAGE.md
  - docs/models/context.md
  - docs/models/contextdata.md
  - docs/models/convertdocumentrequest.md
  - docs/models/convertdocumentresponse.md
  - docs/models/custommargins.md
  - docs/models/documentgenerationv2request.md
  - docs/models/documentgenerationv2response.md
  - docs/models/documentgenerationv2responseoutputdocument.md
  - docs/models/documentgenerationv2responseschemasoutputdocument.md
  - docs/models/documentgenerationv2responsevariablepayload.md
  - docs/models/documentmetarequest.md
  - docs/models/documentmetarequesttemplatedocument.md
  - docs/models/documentmetaresponse.md
  - docs/models/docxoutput.md
  - docs/models/docxtemplatererrordetail.md
  - docs/models/errorcode.md
  - docs/models/errordetails.md
  - docs/models/erroroutput.md
  - docs/models/erroroutputerror.md
  - docs/models/generatedocumentv2request.md
  - docs/models/inputdocument.md
  - docs/models/internalerrordetail.md
  - docs/models/internalerrordetails.md
  - docs/models/invalidcustomvariableerrordetail.md
  - docs/models/invalidvariables.md
  - docs/models/jobstatus.md
  - docs/models/mode.md
  - docs/models/outputdocument.md
  - docs/models/outputformat.md
  - docs/models/pagemargins.md
  - docs/models/pdfoutput.md
  - docs/models/previewmode.md
  - docs/models/s3reference.md
  - docs/models/security.md
  - docs/models/suggestedmargins.md
  - docs/models/templatedocument.md
  - docs/models/templatesettings.md
  - docs/models/utils/retryconfig.md
  - docs/models/variablepayload.md
  - docs/sdks/documents/README.md
  - docs/sdks/epilot/README.md
  - poetry.toml
  - py.typed
  - pylintrc
  - pyproject.toml
  - scripts/prepare-readme.py
  - scripts/publish.sh
  - src/epilot_document/__init__.py
  - src/epilot_document/_hooks/__init__.py
  - src/epilot_document/_hooks/sdkhooks.py
  - src/epilot_document/_hooks/types.py
  - src/epilot_document/_version.py
  - src/epilot_document/basesdk.py
  - src/epilot_document/documents.py
  - src/epilot_document/httpclient.py
  - src/epilot_document/models/__init__.py
  - src/epilot_document/models/convertdocumentrequest.py
  - src/epilot_document/models/convertdocumentresponse.py
  - src/epilot_document/models/documentgenerationv2request.py
  - src/epilot_document/models/documentgenerationv2response.py
  - src/epilot_document/models/documentmetarequest.py
  - src/epilot_document/models/documentmetaresponse.py
  - src/epilot_document/models/docxtemplatererrordetail.py
  - src/epilot_document/models/errorcode.py
  - src/epilot_document/models/erroroutput.py
  - src/epilot_document/models/generatedocumentv2op.py
  - src/epilot_document/models/internalerrordetail.py
  - src/epilot_document/models/internalerrordetails.py
  - src/epilot_document/models/invalidcustomvariableerrordetail.py
  - src/epilot_document/models/s3reference.py
  - src/epilot_document/models/sdkerror.py
  - src/epilot_document/models/security.py
  - src/epilot_document/models/templatesettings.py
  - src/epilot_document/py.typed
  - src/epilot_document/sdk.py
  - src/epilot_document/sdkconfiguration.py
  - src/epilot_document/types/__init__.py
  - src/epilot_document/types/basemodel.py
  - src/epilot_document/utils/__init__.py
  - src/epilot_document/utils/annotations.py
  - src/epilot_document/utils/enums.py
  - src/epilot_document/utils/eventstreaming.py
  - src/epilot_document/utils/forms.py
  - src/epilot_document/utils/headers.py
  - src/epilot_document/utils/logger.py
  - src/epilot_document/utils/metadata.py
  - src/epilot_document/utils/queryparams.py
  - src/epilot_document/utils/requestbodies.py
  - src/epilot_document/utils/retries.py
  - src/epilot_document/utils/security.py
  - src/epilot_document/utils/serializers.py
  - src/epilot_document/utils/url.py
  - src/epilot_document/utils/values.py
examples:
  convertDocument:
    speakeasy-default-convert-document:
      requestBody:
        application/json: {"input_document": {"s3ref": {"bucket": "document-api-prod", "key": "uploads/my-template.pdf"}}, "output_filename": "converted.pdf", "output_format": "pdf"}
      responses:
        "200":
          application/json: {"output_document": {"preview_url": "https://document-api-prod.s3.eu-central-1.amazonaws.com/preview/converted.pdf", "s3ref": {"bucket": "document-api-prod", "key": "uploads/my-template.pdf"}}}
  generateDocumentV2:
    speakeasy-default-generate-document-v2:
      requestBody:
        application/json: {"context_entity_id": "bcd0aab9-b544-42b0-8bfb-6d449d02eacc", "language": "en", "template_document": {"filename": "my-template-{{order.order_number}}.docx", "s3ref": {"bucket": "document-api-prod", "key": "uploads/my-template.pdf"}}, "template_settings": {"custom_margins": {"bottom": 2.54, "top": 2.54}, "display_margin_guidelines": true, "enable_data_table_margin_autofix": false, "enabled_template_settings_persistence": false, "file_entity_id": "1a2b3c4d-5e6f-7g8h-9i0j-1k2l3m4n5o6p", "misconfigured_margins": false, "suggested_margins": {"bottom": 2.54, "top": 2.54}, "template_with_datatable": false}, "user_id": "100321"}
      responses:
        "200":
          application/json: {"docx_output": {"output_document": {"s3ref": {"bucket": "document-api-prod", "key": "uploads/my-template.pdf"}}, "preview_url": "https://document-api-prod.s3.eu-central-1.amazonaws.com/preview/my-template-OR-001.docx"}, "pdf_output": {"output_document": {"s3ref": {"bucket": "document-api-prod", "key": "uploads/my-template.pdf"}}, "preview_url": "https://document-api-prod.s3.eu-central-1.amazonaws.com/preview/my-template-OR-001.pdf"}, "template_settings": {"custom_margins": {"bottom": 2.54, "top": 2.54}, "display_margin_guidelines": true, "enable_data_table_margin_autofix": false, "enabled_template_settings_persistence": false, "file_entity_id": "1a2b3c4d-5e6f-7g8h-9i0j-1k2l3m4n5o6p", "misconfigured_margins": false, "suggested_margins": {"bottom": 2.54, "top": 2.54}, "template_with_datatable": false}}
  getTemplateMeta:
    speakeasy-default-get-template-meta:
      requestBody:
        application/json: {"template_document": {"s3ref": {"bucket": "document-api-prod", "key": "uploads/my-template.pdf"}}}
      responses:
        "200":
          application/json: {"page_margins": {"bottom": 2.54, "footer": 2.54, "header": 2.54, "left": 2.54, "right": 2.54, "top": 2.54}, "variables": ["order.billing_contact.0.salutation", "order.billing_contact.0.title", "order_table", "stayHardStatic", "opportunity[attribute_name]", "opportunity[\"attribute_name\"]", "opportunity.[attribute_name]", "attribute_name", "opportunities.0.attribute_name", "opportunities[0].attribute_name", "contact.opportunities[0].attribute_name", "opportunities[Primary].attribute_name"]}
        "400": {}
generatedTests: {}
