lockVersion: 2.0.0
id: 7df2961d-cf41-4d04-9c1a-a07098a3eb65
management:
  docChecksum: 2f723c6b4677b5a61c3cb69cf5fcd840
  docVersion: 1.0.0
  speakeasyVersion: 1.227.0
  generationVersion: 2.291.0
  releaseVersion: 1.3.1
  configChecksum: 4c0e69866ceb0944051764b4ba54386a
  repoURL: https://github.com/epilot-dev/sdk-python.git
  repoSubDirectory: document
  installationURL: https://github.com/epilot-dev/sdk-python.git#subdirectory=document
features:
  python:
    additionalProperties: 0.1.0
    constsAndDefaults: 0.1.3
    core: 4.5.2
    flattening: 2.81.1
    globalSecurity: 2.83.5
    globalServerURLs: 2.82.2
    responseFormat: 0.1.0
generatedFiles:
  - src/epilot/sdkconfiguration.py
  - src/epilot/documents.py
  - src/epilot/sdk.py
  - py.typed
  - pylintrc
  - setup.py
  - src/epilot/__init__.py
  - src/epilot/utils/__init__.py
  - src/epilot/utils/retries.py
  - src/epilot/utils/utils.py
  - src/epilot/models/errors/sdkerror.py
  - tests/helpers.py
  - src/epilot/models/operations/convertdocument.py
  - src/epilot/models/operations/generatedocumentv2.py
  - src/epilot/models/components/httpmetadata.py
  - src/epilot/models/components/convertdocumentresponse.py
  - src/epilot/models/components/s3reference.py
  - src/epilot/models/components/convertdocumentrequest.py
  - src/epilot/models/components/documentgenerationv2response.py
  - src/epilot/models/components/templatesettings.py
  - src/epilot/models/components/erroroutput.py
  - src/epilot/models/components/invalidcustomvariableerrordetail.py
  - src/epilot/models/components/errorcode.py
  - src/epilot/models/components/documentgenerationv2request.py
  - src/epilot/models/components/security.py
  - src/epilot/models/__init__.py
  - src/epilot/models/errors/__init__.py
  - src/epilot/models/operations/__init__.py
  - src/epilot/models/components/__init__.py
  - docs/models/operations/convertdocumentresponse.md
  - docs/models/operations/mode.md
  - docs/models/operations/generatedocumentv2request.md
  - docs/models/operations/generatedocumentv2response.md
  - docs/models/components/httpmetadata.md
  - docs/models/components/outputdocument.md
  - docs/models/components/convertdocumentresponse.md
  - docs/models/components/s3reference.md
  - docs/models/components/inputdocument.md
  - docs/models/components/outputformat.md
  - docs/models/components/convertdocumentrequest.md
  - docs/models/components/documentgenerationv2responseoutputdocument.md
  - docs/models/components/docxoutput.md
  - docs/models/components/jobstatus.md
  - docs/models/components/documentgenerationv2responseschemasoutputdocument.md
  - docs/models/components/pdfoutput.md
  - docs/models/components/documentgenerationv2responsevariablepayload.md
  - docs/models/components/documentgenerationv2response.md
  - docs/models/components/custommargins.md
  - docs/models/components/templatesettings.md
  - docs/models/components/erroroutput.md
  - docs/models/components/invalidvariables.md
  - docs/models/components/context.md
  - docs/models/components/invalidcustomvariableerrordetail.md
  - docs/models/components/errorcode.md
  - docs/models/components/templatedocument.md
  - docs/models/components/variablepayload.md
  - docs/models/components/documentgenerationv2request.md
  - docs/models/components/security.md
  - docs/sdks/epilot/README.md
  - docs/sdks/documents/README.md
  - USAGE.md
  - .gitattributes
  - src/epilot/_hooks/sdkhooks.py
  - src/epilot/_hooks/types.py
  - src/epilot/_hooks/__init__.py
