lockVersion: 2.0.0
id: f375d434-1cbd-420c-8060-287d881b5157
management:
  docChecksum: 8190aa87825f80bf02037b677edcb11a
  docVersion: 2.0.0
  speakeasyVersion: internal
  generationVersion: 2.234.3
  releaseVersion: 2.2.3
  configChecksum: 0114e0a903060fe8e22eb285a2ee7ce9
  repoURL: https://github.com/epilot-dev/sdk-python.git
  repoSubDirectory: user
  installationURL: https://github.com/epilot-dev/sdk-python.git#subdirectory=user
features:
  python:
    additionalProperties: 0.1.0
    constsAndDefaults: 0.1.2
    core: 4.4.2
    deprecations: 2.81.1
    flattening: 2.81.1
    globalSecurity: 2.83.1
    globalServerURLs: 2.82.1
generatedFiles:
  - src/epilot/sdkconfiguration.py
  - src/epilot/user_v1.py
  - src/epilot/user_v2.py
  - src/epilot/sdk.py
  - pylintrc
  - setup.py
  - src/epilot/__init__.py
  - src/epilot/utils/__init__.py
  - src/epilot/utils/retries.py
  - src/epilot/utils/utils.py
  - src/epilot/models/errors/sdkerror.py
  - tests/helpers.py
  - src/epilot/models/operations/getme.py
  - src/epilot/models/operations/getuser.py
  - src/epilot/models/operations/getuserloginparameters.py
  - src/epilot/models/operations/listusers.py
  - src/epilot/models/operations/activateuser.py
  - src/epilot/models/operations/deleteuserv2.py
  - src/epilot/models/operations/getmev2.py
  - src/epilot/models/operations/getuserloginparametersv2.py
  - src/epilot/models/operations/getuserv2.py
  - src/epilot/models/operations/inviteuser.py
  - src/epilot/models/operations/listusersv2.py
  - src/epilot/models/operations/resenduserinvitation.py
  - src/epilot/models/operations/signupuser.py
  - src/epilot/models/operations/updateuserv2.py
  - src/epilot/models/operations/verifyemailwithtoken.py
  - src/epilot/models/shared/user.py
  - src/epilot/models/shared/loginparameters.py
  - src/epilot/models/shared/useractivationpayload.py
  - src/epilot/models/shared/userv2.py
  - src/epilot/models/shared/userinvitationpayload.py
  - src/epilot/models/shared/organization.py
  - src/epilot/models/shared/signupuserpayload.py
  - src/epilot/models/shared/userdetail.py
  - src/epilot/models/shared/organizationdetail.py
  - src/epilot/models/shared/userverificationpayload.py
  - src/epilot/models/shared/security.py
  - src/epilot/models/__init__.py
  - src/epilot/models/errors/__init__.py
  - src/epilot/models/operations/__init__.py
  - src/epilot/models/shared/__init__.py
  - docs/models/operations/getmeresponse.md
  - docs/models/operations/getuserrequest.md
  - docs/models/operations/getuserresponse.md
  - docs/models/operations/getuserloginparametersrequest.md
  - docs/models/operations/getuserloginparametersresponsebody.md
  - docs/models/operations/getuserloginparametersresponse.md
  - docs/models/operations/listusersrequest.md
  - docs/models/operations/listusersresponsebody.md
  - docs/models/operations/listusersresponse.md
  - docs/models/operations/activateuserrequest.md
  - docs/models/operations/activateuserresponse.md
  - docs/models/operations/deleteuserv2request.md
  - docs/models/operations/deleteuserv2response.md
  - docs/models/operations/getmev2response.md
  - docs/models/operations/getuserloginparametersv2request.md
  - docs/models/operations/getuserloginparametersv2responsebody.md
  - docs/models/operations/getuserloginparametersv2response.md
  - docs/models/operations/getuserv2request.md
  - docs/models/operations/getuserv2response.md
  - docs/models/operations/inviteuserresponse.md
  - docs/models/operations/listusersv2request.md
  - docs/models/operations/listusersv2responsebody.md
  - docs/models/operations/listusersv2response.md
  - docs/models/operations/language.md
  - docs/models/operations/resenduserinvitationrequestbody.md
  - docs/models/operations/resenduserinvitationresponse.md
  - docs/models/operations/signupuserrequest.md
  - docs/models/operations/signupuserresponsebody.md
  - docs/models/operations/signupuserresponse.md
  - docs/models/operations/updateuserv2request.md
  - docs/models/operations/updateuserv2response.md
  - docs/models/operations/verifyemailwithtokenrequest.md
  - docs/models/operations/verifyemailwithtokenresponse.md
  - docs/models/shared/imageuri.md
  - docs/models/shared/properties.md
  - docs/models/shared/user.md
  - docs/models/shared/oauthresponsetype.md
  - docs/models/shared/loginparameters.md
  - docs/models/shared/useractivationpayload.md
  - docs/models/shared/userv2imageuri.md
  - docs/models/shared/userv2properties.md
  - docs/models/shared/status.md
  - docs/models/shared/userv2.md
  - docs/models/shared/userinvitationpayloadlanguage.md
  - docs/models/shared/userinvitationpayload.md
  - docs/models/shared/address.md
  - docs/models/shared/type.md
  - docs/models/shared/organization.md
  - docs/models/shared/language.md
  - docs/models/shared/signupuserpayload.md
  - docs/models/shared/userdetail.md
  - docs/models/shared/organizationdetailtype.md
  - docs/models/shared/organizationdetail.md
  - docs/models/shared/userverificationpayload.md
  - docs/models/shared/security.md
  - docs/sdks/epilot/README.md
  - docs/sdks/userv1/README.md
  - docs/sdks/userv2/README.md
  - USAGE.md
  - .gitattributes
