lockVersion: 2.0.0
id: bdbce753-aacb-43f8-81b7-5eb0632b2f90
management:
  docChecksum: 9efe370082758b9cf2fd0a2bcf412e38
  docVersion: 1.0.0
  speakeasyVersion: 1.345.1
  generationVersion: 2.378.1
  releaseVersion: 1.3.0
  configChecksum: 932e8702014f1c0d2f13b924a112fd4e
  repoURL: https://github.com/epilot-dev/sdk-python.git
  repoSubDirectory: template_variables
  installationURL: https://github.com/epilot-dev/sdk-python.git#subdirectory=template_variables
features:
  python:
    additionalDependencies: 0.1.0
    constsAndDefaults: 0.1.3
    core: 4.8.2
    flattening: 2.81.1
    globalSecurity: 2.83.5
    globalSecurityCallbacks: 0.1.0
    globalServerURLs: 2.82.2
    nullables: 0.1.0
    responseFormat: 0.1.0
    sdkHooks: 0.1.0
generatedFiles:
  - src/epilot/sdkconfiguration.py
  - src/epilot/custom_variables.py
  - src/epilot/variables.py
  - src/epilot/sdk.py
  - py.typed
  - pylintrc
  - scripts/publish.sh
  - setup.py
  - src/epilot/__init__.py
  - src/epilot/utils/__init__.py
  - src/epilot/utils/retries.py
  - src/epilot/utils/utils.py
  - src/epilot/models/errors/sdkerror.py
  - src/epilot/models/operations/createcustomvariable.py
  - src/epilot/models/operations/deletecustomvariable.py
  - src/epilot/models/operations/getblueprinttableconfig.py
  - src/epilot/models/operations/getcustomvariable.py
  - src/epilot/models/operations/getcustomvariables.py
  - src/epilot/models/operations/updatecustomvariable.py
  - src/epilot/models/operations/getcategories.py
  - src/epilot/models/operations/getvariablecontext.py
  - src/epilot/models/operations/replacetemplates.py
  - src/epilot/models/operations/searchvariables.py
  - src/epilot/models/components/httpmetadata.py
  - src/epilot/models/components/customvariable.py
  - src/epilot/models/components/categoryresult.py
  - src/epilot/models/components/variablecontext.py
  - src/epilot/models/components/variableparameters.py
  - src/epilot/models/components/templatetype.py
  - src/epilot/models/components/externalcustomvariable.py
  - src/epilot/models/components/variableresult.py
  - src/epilot/models/components/security.py
  - src/epilot/models/__init__.py
  - src/epilot/models/errors/__init__.py
  - src/epilot/models/operations/__init__.py
  - src/epilot/models/components/__init__.py
  - docs/models/operations/createcustomvariableresponse.md
  - docs/models/operations/deletecustomvariablerequest.md
  - docs/models/operations/deletecustomvariableresponse.md
  - docs/models/operations/getblueprinttableconfigresponse.md
  - docs/models/operations/getcustomvariablerequest.md
  - docs/models/operations/getcustomvariableresponse.md
  - docs/models/operations/getcustomvariablesresponse.md
  - docs/models/operations/updatecustomvariablerequest.md
  - docs/models/operations/updatecustomvariableresponse.md
  - docs/models/operations/getcategoriesrequest.md
  - docs/models/operations/getcategoriesresponse.md
  - docs/models/operations/getvariablecontextrequestbody.md
  - docs/models/operations/getvariablecontextresponse.md
  - docs/models/operations/replacetemplatesrequestbody.md
  - docs/models/operations/replacetemplatesresponsebody.md
  - docs/models/operations/replacetemplatesresponse.md
  - docs/models/operations/searchvariablesrequestbody.md
  - docs/models/operations/searchvariablesresponse.md
  - docs/models/components/httpmetadata.md
  - docs/models/components/config.md
  - docs/models/components/type.md
  - docs/models/components/customvariable.md
  - docs/models/components/categoryresult.md
  - docs/models/components/variablecontext.md
  - docs/models/components/contextdata.md
  - docs/models/components/variableparameters.md
  - docs/models/components/templatetype.md
  - docs/models/components/externalcustomvariable.md
  - docs/models/components/variableresulttype.md
  - docs/models/components/variableresult.md
  - docs/models/components/security.md
  - docs/sdks/epilot/README.md
  - docs/sdks/customvariables/README.md
  - docs/sdks/variables/README.md
  - USAGE.md
  - .gitattributes
  - src/epilot/_hooks/sdkhooks.py
  - src/epilot/_hooks/types.py
  - src/epilot/_hooks/__init__.py
  - CONTRIBUTING.md
